version = 1
revision = 1
requires-python = ">=3.9"

[[package]]
name = "anyio"
version = "4.9.0"
source = { registry = "https://pypi.org/simple" }
dependencies = [
    { name = "exceptiongroup", marker = "python_full_version < '3.11'" },
    { name = "idna" },
    { name = "sniffio" },
    { name = "typing-extensions", marker = "python_full_version < '3.13'" },
]
sdist = { url = "https://files.pythonhosted.org/packages/95/7d/4c1bd541d4dffa1b52bd83fb8527089e097a106fc90b467a7313b105f840/anyio-4.9.0.tar.gz", hash = "sha256:673c0c244e15788651a4ff38710fea9675823028a6f08a5eda409e0c9840a028", size = 190949 }
wheels = [
    { url = "https://files.pythonhosted.org/packages/a1/ee/48ca1a7c89ffec8b6a0c5d02b89c305671d5ffd8d3c94acf8b8c408575bb/anyio-4.9.0-py3-none-any.whl", hash = "sha256:9f76d541cad6e36af7beb62e978876f3b41e3e04f2c1fbf0884604c0a9c4d93c", size = 100916 },
]

[[package]]
name = "certifi"
version = "2025.1.31"
source = { registry = "https://pypi.org/simple" }
sdist = { url = "https://files.pythonhosted.org/packages/1c/ab/c9f1e32b7b1bf505bf26f0ef697775960db7932abeb7b516de930ba2705f/certifi-2025.1.31.tar.gz", hash = "sha256:3d5da6925056f6f18f119200434a4780a94263f10d1c21d032a6f6b2baa20651", size = 167577 }
wheels = [
    { url = "https://files.pythonhosted.org/packages/38/fc/bce832fd4fd99766c04d1ee0eead6b0ec6486fb100ae5e74c1d91292b982/certifi-2025.1.31-py3-none-any.whl", hash = "sha256:ca78db4565a652026a4db2bcdf68f2fb589ea80d0be70e03929ed730746b84fe", size = 166393 },
]

[[package]]
name = "exceptiongroup"
version = "1.2.2"
source = { registry = "https://pypi.org/simple" }
sdist = { url = "https://files.pythonhosted.org/packages/09/35/2495c4ac46b980e4ca1f6ad6db102322ef3ad2410b79fdde159a4b0f3b92/exceptiongroup-1.2.2.tar.gz", hash = "sha256:47c2edf7c6738fafb49fd34290706d1a1a2f4d1c6df275526b62cbb4aa5393cc", size = 28883 }
wheels = [
    { url = "https://files.pythonhosted.org/packages/02/cc/b7e31358aac6ed1ef2bb790a9746ac2c69bcb3c8588b41616914eb106eaf/exceptiongroup-1.2.2-py3-none-any.whl", hash = "sha256:3111b9d131c238bec2f8f516e123e14ba243563fb135d3fe885990585aa7795b", size = 16453 },
]

[[package]]
name = "h11"
version = "0.14.0"
source = { registry = "https://pypi.org/simple" }
sdist = { url = "https://files.pythonhosted.org/packages/f5/38/3af3d3633a34a3316095b39c8e8fb4853a28a536e55d347bd8d8e9a14b03/h11-0.14.0.tar.gz", hash = "sha256:8f19fbbe99e72420ff35c00b27a34cb9937e902a8b810e2c88300c6f0a3b699d", size = 100418 }
wheels = [
    { url = "https://files.pythonhosted.org/packages/95/04/ff642e65ad6b90db43e668d70ffb6736436c7ce41fcc549f4e9472234127/h11-0.14.0-py3-none-any.whl", hash = "sha256:e3fe4ac4b851c468cc8363d500db52c2ead036020723024a109d37346efaa761", size = 58259 },
]

[[package]]
name = "httpcore"
version = "1.0.7"
source = { registry = "https://pypi.org/simple" }
dependencies = [
    { name = "certifi" },
    { name = "h11" },
]
sdist = { url = "https://files.pythonhosted.org/packages/6a/41/d7d0a89eb493922c37d343b607bc1b5da7f5be7e383740b4753ad8943e90/httpcore-1.0.7.tar.gz", hash = "sha256:8551cb62a169ec7162ac7be8d4817d561f60e08eaa485234898414bb5a8a0b4c", size = 85196 }
wheels = [
    { url = "https://files.pythonhosted.org/packages/87/f5/72347bc88306acb359581ac4d52f23c0ef445b57157adedb9aee0cd689d2/httpcore-1.0.7-py3-none-any.whl", hash = "sha256:a3fff8f43dc260d5bd363d9f9cf1830fa3a458b332856f34282de498ed420edd", size = 78551 },
]

[[package]]
name = "httpx"
version = "0.28.1"
source = { registry = "https://pypi.org/simple" }
dependencies = [
    { name = "anyio" },
    { name = "certifi" },
    { name = "httpcore" },
    { name = "idna" },
]
sdist = { url = "https://files.pythonhosted.org/packages/b1/df/48c586a5fe32a0f01324ee087459e112ebb7224f646c0b5023f5e79e9956/httpx-0.28.1.tar.gz", hash = "sha256:75e98c5f16b0f35b567856f597f06ff2270a374470a5c2392242528e3e3e42fc", size = 141406 }
wheels = [
    { url = "https://files.pythonhosted.org/packages/2a/39/e50c7c3a983047577ee07d2a9e53faf5a69493943ec3f6a384bdc792deb2/httpx-0.28.1-py3-none-any.whl", hash = "sha256:d909fcccc110f8c7faf814ca82a9a4d816bc5a6dbfea25d6591d6985b8ba59ad", size = 73517 },
]

[[package]]
name = "idna"
version = "3.10"
source = { registry = "https://pypi.org/simple" }
sdist = { url = "https://files.pythonhosted.org/packages/f1/70/7703c29685631f5a7590aa73f1f1d3fa9a380e654b86af429e0934a32f7d/idna-3.10.tar.gz", hash = "sha256:12f65c9b470abda6dc35cf8e63cc574b1c52b11df2c86030af0ac09b01b13ea9", size = 190490 }
wheels = [
    { url = "https://files.pythonhosted.org/packages/76/c6/c88e154df9c4e1a2a66ccf0005a88dfb2650c1dffb6f5ce603dfbd452ce3/idna-3.10-py3-none-any.whl", hash = "sha256:946d195a0d259cbba61165e88e65941f16e9b36ea6ddb97f00452bae8b1287d3", size = 70442 },
]

[[package]]
name = "sniffio"
version = "1.3.1"
source = { registry = "https://pypi.org/simple" }
sdist = { url = "https://files.pythonhosted.org/packages/a2/87/a6771e1546d97e7e041b6ae58d80074f81b7d5121207425c964ddf5cfdbd/sniffio-1.3.1.tar.gz", hash = "sha256:f4324edc670a0f49750a81b895f35c3adb843cca46f0530f79fc1babb23789dc", size = 20372 }
wheels = [
    { url = "https://files.pythonhosted.org/packages/e9/44/75a9c9421471a6c4805dbf2356f7c181a29c1879239abab1ea2cc8f38b40/sniffio-1.3.1-py3-none-any.whl", hash = "sha256:2f6da418d1f1e0fddd844478f41680e794e6051915791a034ff65e5f100525a2", size = 10235 },
]

[[package]]
name = "tensorzero"
version = "2025.4.1"
source = { registry = "https://pypi.org/simple" }
dependencies = [
    { name = "httpx" },
    { name = "uuid-utils" },
]
sdist = { url = "https://files.pythonhosted.org/packages/a3/23/cfdbc1987ff8c15bb4ee4d6c9194b17f6e5ed7e06a705fa2f2b24588e0c6/tensorzero-2025.4.1.tar.gz", hash = "sha256:d5077bbe4485e41dbacd66772e8bfd81045890998daaaf04e34ec1c876844920", size = 757150 }
wheels = [
    { url = "https://files.pythonhosted.org/packages/d6/57/1472abf77723a86ace191b6aaa429bf78d15e965c6fe3d6777fd85294eb3/tensorzero-2025.4.1-cp39-abi3-macosx_10_12_x86_64.whl", hash = "sha256:69d9b614dd71b9ecda831b050ecd4556c64ee4f7753cff42cce2abb33fc239ff", size = 11374184 },
    { url = "https://files.pythonhosted.org/packages/0c/6c/e83103fa0edf934d45909cb3eefe18f2ce1521956fd62e34d0414244f843/tensorzero-2025.4.1-cp39-abi3-macosx_11_0_arm64.whl", hash = "sha256:0c90877b041b1dac03f478c00e119a1c56d76baa609fa2af67d3796338c178ef", size = 10777538 },
    { url = "https://files.pythonhosted.org/packages/d3/24/0ddf9b52e690716931c8bc0e9d38cf71b83d5f0e933eddf12b359aa907e1/tensorzero-2025.4.1-cp39-abi3-manylinux_2_17_aarch64.manylinux2014_aarch64.whl", hash = "sha256:f61625d49eeefdf52de2e326ff4083398f89058fdf650aead8f538429397e83c", size = 11117901 },
    { url = "https://files.pythonhosted.org/packages/2a/b9/bad091a4b427a9db5021ceafc28e70e134848d15a94a03a6da7a54c63bd1/tensorzero-2025.4.1-cp39-abi3-manylinux_2_17_x86_64.manylinux2014_x86_64.whl", hash = "sha256:b540127fe2fe4c7c5eb637e6718c006a50ed4b1a73ea1a56ab5fcfb9ba7e5fed", size = 11969357 },
    { url = "https://files.pythonhosted.org/packages/e9/d0/be3c0980ffe21a70ec924290fbce31a9b5ed310f779e2b0e6c4cb9be9229/tensorzero-2025.4.1-cp39-abi3-musllinux_1_2_aarch64.whl", hash = "sha256:718dd91d8d0d528c77259a635c5fc2e0970fe190237f2244cd031629f819ee3d", size = 11212790 },
    { url = "https://files.pythonhosted.org/packages/0a/05/cfcad0c8e0a3fc3fc95097f5d4f118603138fea8cb5b72c5555fe6b6044d/tensorzero-2025.4.1-cp39-abi3-musllinux_1_2_x86_64.whl", hash = "sha256:089fd7ff5d96b524f7c4983826e164e3c84b0c68ebf30714e22f416f44723419", size = 12148875 },
    { url = "https://files.pythonhosted.org/packages/66/78/15ce2cb3b1ae4236f2b7608ae40426164268a882bc7def099942e45e0611/tensorzero-2025.4.1-cp39-abi3-win_amd64.whl", hash = "sha256:75882630abad24b69565a5af4a6d36d0a9ba7bd225cce1c5f116d6bfdbb3325f", size = 11487357 },
]

[[package]]
name = "tensorzero-examples-guides-evals"
version = "0.0.0"
source = { virtual = "." }
dependencies = [
    { name = "tensorzero" },
]

[package.metadata]
requires-dist = [{ name = "tensorzero" }]

[[package]]
name = "typing-extensions"
version = "4.13.1"
source = { registry = "https://pypi.org/simple" }
sdist = { url = "https://files.pythonhosted.org/packages/76/ad/cd3e3465232ec2416ae9b983f27b9e94dc8171d56ac99b345319a9475967/typing_extensions-4.13.1.tar.gz", hash = "sha256:98795af00fb9640edec5b8e31fc647597b4691f099ad75f469a2616be1a76dff", size = 106633 }
wheels = [
    { url = "https://files.pythonhosted.org/packages/df/c5/e7a0b0f5ed69f94c8ab7379c599e6036886bffcde609969a5325f47f1332/typing_extensions-4.13.1-py3-none-any.whl", hash = "sha256:4b6cf02909eb5495cfbc3f6e8fd49217e6cc7944e145cdda8caa3734777f9e69", size = 45739 },
]

[[package]]
name = "uuid-utils"
version = "0.10.0"
source = { registry = "https://pypi.org/simple" }
sdist = { url = "https://files.pythonhosted.org/packages/66/0a/cbdb2eb4845dafeb632d02a18f47b02f87f2ce4f25266f5e3c017976ce89/uuid_utils-0.10.0.tar.gz", hash = "sha256:5db0e1890e8f008657ffe6ded4d9459af724ab114cfe82af1557c87545301539", size = 18828 }
wheels = [
    { url = "https://files.pythonhosted.org/packages/44/54/9d22fa16b19e5d1676eba510f08a9c458d96e2a62ff2c8ebad64251afb18/uuid_utils-0.10.0-cp39-abi3-macosx_10_12_x86_64.macosx_11_0_arm64.macosx_10_12_universal2.whl", hash = "sha256:8d5a4508feefec62456cd6a41bcdde458d56827d908f226803b886d22a3d5e63", size = 573006 },
    { url = "https://files.pythonhosted.org/packages/08/8e/f895c6e52aa603e521fbc13b8626ba5dd99b6e2f5a55aa96ba5b232f4c53/uuid_utils-0.10.0-cp39-abi3-macosx_10_12_x86_64.whl", hash = "sha256:dbefc2b9113f9dfe56bdae58301a2b3c53792221410d422826f3d1e3e6555fe7", size = 292543 },
    { url = "https://files.pythonhosted.org/packages/b6/58/cc4834f377a5e97d6e184408ad96d13042308de56643b6e24afe1f6f34df/uuid_utils-0.10.0-cp39-abi3-manylinux_2_17_aarch64.manylinux2014_aarch64.whl", hash = "sha256:ffc49c33edf87d1ec8112a9b43e4cf55326877716f929c165a2cc307d31c73d5", size = 323340 },
    { url = "https://files.pythonhosted.org/packages/37/e3/6aeddf148f6a7dd7759621b000e8c85382ec83f52ae79b60842d1dc3ab6b/uuid_utils-0.10.0-cp39-abi3-manylinux_2_17_armv7l.manylinux2014_armv7l.whl", hash = "sha256:0636b6208f69d5a4e629707ad2a89a04dfa8d1023e1999181f6830646ca048a1", size = 329653 },
    { url = "https://files.pythonhosted.org/packages/0c/00/dd6c2164ace70b7b1671d9129267df331481d7d1e5f9c5e6a564f07953f6/uuid_utils-0.10.0-cp39-abi3-manylinux_2_17_ppc64le.manylinux2014_ppc64le.whl", hash = "sha256:7bc06452856b724df9dedfc161c3582199547da54aeb81915ec2ed54f92d19b0", size = 365471 },
    { url = "https://files.pythonhosted.org/packages/b4/e7/0ab8080fcae5462a7b5e555c1cef3d63457baffb97a59b9bc7b005a3ecb1/uuid_utils-0.10.0-cp39-abi3-manylinux_2_17_x86_64.manylinux2014_x86_64.whl", hash = "sha256:263b2589111c61decdd74a762e8f850c9e4386fb78d2cf7cb4dfc537054cda1b", size = 325844 },
    { url = "https://files.pythonhosted.org/packages/73/39/52d94e9ef75b03f44b39ffc6ac3167e93e74ef4d010a93d25589d9f48540/uuid_utils-0.10.0-cp39-abi3-manylinux_2_5_i686.manylinux1_i686.whl", hash = "sha256:a558db48b7096de6b4d2d2210d82bba8586a6d55f99106b03bb7d01dc5c5bcd6", size = 344389 },
    { url = "https://files.pythonhosted.org/packages/7c/29/4824566f62666238290d99c62a58e4ab2a8b9cf2eccf94cebd9b3359131e/uuid_utils-0.10.0-cp39-abi3-musllinux_1_2_aarch64.whl", hash = "sha256:807465067f3c892514230326ac71a79b28a8dfe2c88ecd2d5675fc844f3c76b5", size = 510078 },
    { url = "https://files.pythonhosted.org/packages/5e/8f/bbcc7130d652462c685f0d3bd26bb214b754215b476340885a4cb50fb89a/uuid_utils-0.10.0-cp39-abi3-musllinux_1_2_i686.whl", hash = "sha256:57423d4a2b9d7b916de6dbd75ba85465a28f9578a89a97f7d3e098d9aa4e5d4a", size = 515937 },
    { url = "https://files.pythonhosted.org/packages/23/f8/34e0c00f5f188604d336713e6a020fcf53b10998e8ab24735a39ab076740/uuid_utils-0.10.0-cp39-abi3-musllinux_1_2_x86_64.whl", hash = "sha256:76d8d660f18ff6b767e319b1b5f927350cd92eafa4831d7ef5b57fdd1d91f974", size = 494111 },
    { url = "https://files.pythonhosted.org/packages/1a/52/b7f0066cc90a7a9c28d54061ed195cd617fde822e5d6ac3ccc88509c3c44/uuid_utils-0.10.0-cp39-abi3-win32.whl", hash = "sha256:6c11a71489338837db0b902b75e1ba7618d5d29f05fde4f68b3f909177dbc226", size = 173520 },
    { url = "https://files.pythonhosted.org/packages/8b/15/f04f58094674d333974243fb45d2c740cf4b79186fb707168e57943c84a3/uuid_utils-0.10.0-cp39-abi3-win_amd64.whl", hash = "sha256:11c55ae64f6c0a7a0c741deae8ca2a4eaa11e9c09dbb7bec2099635696034cf7", size = 182965 },
    { url = "https://files.pythonhosted.org/packages/c9/1f/8f3288797487c82981134732dee13b1ad12082890905476f95994ce49e0f/uuid_utils-0.10.0-pp310-pypy310_pp73-macosx_10_12_x86_64.macosx_11_0_arm64.macosx_10_12_universal2.whl", hash = "sha256:acea543dfc7b87df749e3e814c54ac739a82ff5e3800d25bd25a3e00599e1554", size = 573053 },
    { url = "https://files.pythonhosted.org/packages/91/28/0eb5190aa39547015d60ce5453cfd37c4d87a48d25026d72044c20cad4fc/uuid_utils-0.10.0-pp310-pypy310_pp73-macosx_10_12_x86_64.whl", hash = "sha256:0767eefa7b1e96f06cfa9b95758d286240c01bbf19e9d8f1b6043cdbe76cc639", size = 292596 },
    { url = "https://files.pythonhosted.org/packages/e4/27/a451725d5df0db8baaa84adde94bbac4a33c3816a5215740c3f1dbdc46d3/uuid_utils-0.10.0-pp310-pypy310_pp73-manylinux_2_17_aarch64.manylinux2014_aarch64.whl", hash = "sha256:973fe4bb5258fd2ccb144d8b40c2d3158f16cc856a20527f8b40d14b2ae1dee9", size = 323414 },
    { url = "https://files.pythonhosted.org/packages/22/6b/0edc2ad855cbe07ffd891ec636c6ff57ae3a56cdf0e90467b2edbe5b7b43/uuid_utils-0.10.0-pp310-pypy310_pp73-manylinux_2_17_armv7l.manylinux2014_armv7l.whl", hash = "sha256:71b8505b67a0d77d0fbd765d8463094a8f447677125da7647bec7ea0b99406f0", size = 329720 },
    { url = "https://files.pythonhosted.org/packages/4b/1d/f73af741d9a4d3168704235ef06fbda823bf2ecf551ac29caa8d7cf8ea2a/uuid_utils-0.10.0-pp310-pypy310_pp73-manylinux_2_17_ppc64le.manylinux2014_ppc64le.whl", hash = "sha256:6bdcb1211bb61476cbef12a87101fa48243e20ed82b2bd324c816b1b5826bd5e", size = 365545 },
    { url = "https://files.pythonhosted.org/packages/b1/06/92104c8ea66a6d645f00520222a52c4b91a444c2c30201ff0036dedfb8da/uuid_utils-0.10.0-pp310-pypy310_pp73-manylinux_2_17_x86_64.manylinux2014_x86_64.whl", hash = "sha256:1c5247f1df040aae71ea313819b563debe69bca7086a2cc6a3ac0eaddd3dadac", size = 325920 },
    { url = "https://files.pythonhosted.org/packages/94/fe/0710e28b94f2311b40757dc43513290134cb4579f79981127c58640d736c/uuid_utils-0.10.0-pp310-pypy310_pp73-manylinux_2_5_i686.manylinux1_i686.whl", hash = "sha256:a50bd29ef89660b93aa07ffa95ac691a0e12832375030569a8bd5c9272f3b8e6", size = 344458 },
    { url = "https://files.pythonhosted.org/packages/0b/8f/c12d449789d756f6c0ed81de060900c0e616f80d1e3944949859921ef1e5/uuid_utils-0.10.0-pp39-pypy39_pp73-macosx_10_12_x86_64.macosx_11_0_arm64.macosx_10_12_universal2.whl", hash = "sha256:a778cd9d8f995b94bba6e51f3ebee5b338fd834b0c4ecc8f932bd23e29db3e19", size = 573049 },
    { url = "https://files.pythonhosted.org/packages/03/ac/85677abca4832417b28e40c7b634820158e29c57da780de2f3a131b6e24d/uuid_utils-0.10.0-pp39-pypy39_pp73-macosx_10_12_x86_64.whl", hash = "sha256:d3d5b5c5ed66ff923961b9ebb902232cd67f6a7ec6b6f7a58e05e00ff44e3c7f", size = 292587 },
    { url = "https://files.pythonhosted.org/packages/cf/35/7d909b7acfb7eec3af0f671b5fec8ae88fdf60857a4f6344a83d0286837a/uuid_utils-0.10.0-pp39-pypy39_pp73-manylinux_2_17_aarch64.manylinux2014_aarch64.whl", hash = "sha256:789ed6335225326c66f5d6162649bed978105a85f232be7811387c395c226801", size = 323412 },
    { url = "https://files.pythonhosted.org/packages/e8/9c/daff11748511fef37d8959bc83fb3f5d50128292a9e10c50c4aa02390cd2/uuid_utils-0.10.0-pp39-pypy39_pp73-manylinux_2_17_armv7l.manylinux2014_armv7l.whl", hash = "sha256:05d1aa7b944b719eb1ee472435ae5444a3f8a00eb6350e3b1d1217d738477d33", size = 329716 },
    { url = "https://files.pythonhosted.org/packages/45/2c/30c7ef5dfc07f41854a46a09858419483376091731973ae91ac50392fe17/uuid_utils-0.10.0-pp39-pypy39_pp73-manylinux_2_17_ppc64le.manylinux2014_ppc64le.whl", hash = "sha256:aa8d8559c2d25d6ac87e0adeee601d2c91ec40b357ab780bcf79061cc23324e6", size = 365539 },
    { url = "https://files.pythonhosted.org/packages/2c/28/196f2b4c2717d865b8a0eb2064f7e69d31533b58a2528edf64b1c18cd943/uuid_utils-0.10.0-pp39-pypy39_pp73-manylinux_2_17_x86_64.manylinux2014_x86_64.whl", hash = "sha256:e0badcbfe3c72b5b30d59c2b12f120923127abd95a0d2aa64ddc1234e495abc2", size = 325916 },
    { url = "https://files.pythonhosted.org/packages/87/a6/485bec297615b530aa967eef7b212a33d02a72441846642d721dedb307fb/uuid_utils-0.10.0-pp39-pypy39_pp73-manylinux_2_5_i686.manylinux1_i686.whl", hash = "sha256:0a7c1c494012335113748815156c5b6234c59b0fe0d3a8eede1b1a46f7e25a69", size = 344453 },
]
