version = 1
revision = 3
requires-python = ">=3.9"
resolution-markers = [
    "python_full_version >= '3.10'",
    "python_full_version < '3.10'",
]

[[package]]
name = "anyio"
version = "4.12.0"
source = { registry = "https://pypi.org/simple" }
dependencies = [
    { name = "exceptiongroup", marker = "python_full_version < '3.11'" },
    { name = "idna" },
    { name = "typing-extensions", marker = "python_full_version < '3.13'" },
]
sdist = { url = "https://files.pythonhosted.org/packages/16/ce/8a777047513153587e5434fd752e89334ac33e379aa3497db860eeb60377/anyio-4.12.0.tar.gz", hash = "sha256:73c693b567b0c55130c104d0b43a9baf3aa6a31fc6110116509f27bf75e21ec0", size = 228266, upload-time = "2025-11-28T23:37:38.911Z" }
wheels = [
    { url = "https://files.pythonhosted.org/packages/7f/9c/36c5c37947ebfb8c7f22e0eb6e4d188ee2d53aa3880f3f2744fb894f0cb1/anyio-4.12.0-py3-none-any.whl", hash = "sha256:dad2376a628f98eeca4881fc56cd06affd18f659b17a747d3ff0307ced94b1bb", size = 113362, upload-time = "2025-11-28T23:36:57.897Z" },
]

[[package]]
name = "certifi"
version = "2025.11.12"
source = { registry = "https://pypi.org/simple" }
sdist = { url = "https://files.pythonhosted.org/packages/a2/8c/58f469717fa48465e4a50c014a0400602d3c437d7c0c468e17ada824da3a/certifi-2025.11.12.tar.gz", hash = "sha256:d8ab5478f2ecd78af242878415affce761ca6bc54a22a27e026d7c25357c3316", size = 160538, upload-time = "2025-11-12T02:54:51.517Z" }
wheels = [
    { url = "https://files.pythonhosted.org/packages/70/7d/9bc192684cea499815ff478dfcdc13835ddf401365057044fb721ec6bddb/certifi-2025.11.12-py3-none-any.whl", hash = "sha256:97de8790030bbd5c2d96b7ec782fc2f7820ef8dba6db909ccf95449f2d062d4b", size = 159438, upload-time = "2025-11-12T02:54:49.735Z" },
]

[[package]]
name = "dacite"
version = "1.9.2"
source = { registry = "https://pypi.org/simple" }
sdist = { url = "https://files.pythonhosted.org/packages/55/a0/7ca79796e799a3e782045d29bf052b5cde7439a2bbb17f15ff44f7aacc63/dacite-1.9.2.tar.gz", hash = "sha256:6ccc3b299727c7aa17582f0021f6ae14d5de47c7227932c47fec4cdfefd26f09", size = 22420, upload-time = "2025-02-05T09:27:29.757Z" }
wheels = [
    { url = "https://files.pythonhosted.org/packages/94/35/386550fd60316d1e37eccdda609b074113298f23cef5bddb2049823fe666/dacite-1.9.2-py3-none-any.whl", hash = "sha256:053f7c3f5128ca2e9aceb66892b1a3c8936d02c686e707bee96e19deef4bc4a0", size = 16600, upload-time = "2025-02-05T09:27:24.345Z" },
]

[[package]]
name = "exceptiongroup"
version = "1.3.1"
source = { registry = "https://pypi.org/simple" }
dependencies = [
    { name = "typing-extensions", marker = "python_full_version < '3.13'" },
]
sdist = { url = "https://files.pythonhosted.org/packages/50/79/66800aadf48771f6b62f7eb014e352e5d06856655206165d775e675a02c9/exceptiongroup-1.3.1.tar.gz", hash = "sha256:8b412432c6055b0b7d14c310000ae93352ed6754f70fa8f7c34141f91c4e3219", size = 30371, upload-time = "2025-11-21T23:01:54.787Z" }
wheels = [
    { url = "https://files.pythonhosted.org/packages/8a/0e/97c33bf5009bdbac74fd2beace167cab3f978feb69cc36f1ef79360d6c4e/exceptiongroup-1.3.1-py3-none-any.whl", hash = "sha256:a7a39a3bd276781e98394987d3a5701d0c4edffb633bb7a5144577f82c773598", size = 16740, upload-time = "2025-11-21T23:01:53.443Z" },
]

[[package]]
name = "h11"
version = "0.16.0"
source = { registry = "https://pypi.org/simple" }
sdist = { url = "https://files.pythonhosted.org/packages/01/ee/02a2c011bdab74c6fb3c75474d40b3052059d95df7e73351460c8588d963/h11-0.16.0.tar.gz", hash = "sha256:4e35b956cf45792e4caa5885e69fba00bdbc6ffafbfa020300e549b208ee5ff1", size = 101250, upload-time = "2025-04-24T03:35:25.427Z" }
wheels = [
    { url = "https://files.pythonhosted.org/packages/04/4b/29cac41a4d98d144bf5f6d33995617b185d14b22401f75ca86f384e87ff1/h11-0.16.0-py3-none-any.whl", hash = "sha256:63cf8bbe7522de3bf65932fda1d9c2772064ffb3dae62d55932da54b31cb6c86", size = 37515, upload-time = "2025-04-24T03:35:24.344Z" },
]

[[package]]
name = "httpcore"
version = "1.0.9"
source = { registry = "https://pypi.org/simple" }
dependencies = [
    { name = "certifi" },
    { name = "h11" },
]
sdist = { url = "https://files.pythonhosted.org/packages/06/94/82699a10bca87a5556c9c59b5963f2d039dbd239f25bc2a63907a05a14cb/httpcore-1.0.9.tar.gz", hash = "sha256:6e34463af53fd2ab5d807f399a9b45ea31c3dfa2276f15a2c3f00afff6e176e8", size = 85484, upload-time = "2025-04-24T22:06:22.219Z" }
wheels = [
    { url = "https://files.pythonhosted.org/packages/7e/f5/f66802a942d491edb555dd61e3a9961140fd64c90bce1eafd741609d334d/httpcore-1.0.9-py3-none-any.whl", hash = "sha256:2d400746a40668fc9dec9810239072b40b4484b640a8c38fd654a024c7a1bf55", size = 78784, upload-time = "2025-04-24T22:06:20.566Z" },
]

[[package]]
name = "httpx"
version = "0.28.1"
source = { registry = "https://pypi.org/simple" }
dependencies = [
    { name = "anyio" },
    { name = "certifi" },
    { name = "httpcore" },
    { name = "idna" },
]
sdist = { url = "https://files.pythonhosted.org/packages/b1/df/48c586a5fe32a0f01324ee087459e112ebb7224f646c0b5023f5e79e9956/httpx-0.28.1.tar.gz", hash = "sha256:75e98c5f16b0f35b567856f597f06ff2270a374470a5c2392242528e3e3e42fc", size = 141406, upload-time = "2024-12-06T15:37:23.222Z" }
wheels = [
    { url = "https://files.pythonhosted.org/packages/2a/39/e50c7c3a983047577ee07d2a9e53faf5a69493943ec3f6a384bdc792deb2/httpx-0.28.1-py3-none-any.whl", hash = "sha256:d909fcccc110f8c7faf814ca82a9a4d816bc5a6dbfea25d6591d6985b8ba59ad", size = 73517, upload-time = "2024-12-06T15:37:21.509Z" },
]

[[package]]
name = "idna"
version = "3.11"
source = { registry = "https://pypi.org/simple" }
sdist = { url = "https://files.pythonhosted.org/packages/6f/6d/0703ccc57f3a7233505399edb88de3cbd678da106337b9fcde432b65ed60/idna-3.11.tar.gz", hash = "sha256:795dafcc9c04ed0c1fb032c2aa73654d8e8c5023a7df64a53f39190ada629902", size = 194582, upload-time = "2025-10-12T14:55:20.501Z" }
wheels = [
    { url = "https://files.pythonhosted.org/packages/0e/61/66938bbb5fc52dbdf84594873d5b51fb1f7c7794e9c0f5bd885f30bc507b/idna-3.11-py3-none-any.whl", hash = "sha256:771a87f49d9defaf64091e6e6fe9c18d4833f140bd19464795bc32d966ca37ea", size = 71008, upload-time = "2025-10-12T14:55:18.883Z" },
]

[[package]]
name = "tensorzero"
version = "2025.11.3"
source = { registry = "https://pypi.org/simple" }
resolution-markers = [
    "python_full_version < '3.10'",
]
dependencies = [
    { name = "httpx", marker = "python_full_version < '3.10'" },
    { name = "typing-extensions", marker = "python_full_version < '3.10'" },
    { name = "uuid-utils", marker = "python_full_version < '3.10'" },
]
sdist = { url = "https://files.pythonhosted.org/packages/a5/7b/a48f8ce7ca31df563a5217629b284dfc65c6cac8a960c8d57f0ac1995a24/tensorzero-2025.11.3.tar.gz", hash = "sha256:59c6ecc42755712df0170ffaa37b3e17d14a1864bd2022fdcd1ef838b7d32bb4", size = 1230588, upload-time = "2025-11-11T14:24:16.007Z" }
wheels = [
    { url = "https://files.pythonhosted.org/packages/90/75/32b65e0b1ada603fc04d25b706db9be067ded81ec1d09b5cbf592fe40ce5/tensorzero-2025.11.3-cp39-abi3-macosx_11_0_arm64.whl", hash = "sha256:b37c708a9ad64052a01180e59c7e47bd1cd66626941e22f030ee60afe6daa443", size = 27349017, upload-time = "2025-11-10T16:19:39.995Z" },
    { url = "https://files.pythonhosted.org/packages/25/be/456e9b5545a58680b8eab9ae845fa2bf36399c3ff7eb237ddebaf8f71c8f/tensorzero-2025.11.3-cp39-abi3-manylinux_2_17_aarch64.manylinux2014_aarch64.whl", hash = "sha256:f95556807fa0b3bdc122d0242ffdef96281e0ce0f872f67844e919fc9519cdef", size = 30221936, upload-time = "2025-11-10T16:19:34.498Z" },
    { url = "https://files.pythonhosted.org/packages/53/22/42bf8f225e3ffd73f5668b614f2e13223de3f6d892db08e5463c24c557e2/tensorzero-2025.11.3-cp39-abi3-manylinux_2_17_x86_64.manylinux2014_x86_64.whl", hash = "sha256:1122f599bc7492383da439e6355e6c6bf39ae6b158b9899c5686a1f1d5293985", size = 30371896, upload-time = "2025-11-10T16:19:37.663Z" },
    { url = "https://files.pythonhosted.org/packages/0a/16/1b53d04d2c37051b3682c9efae8105ffd00ef29cf557c08f7d2a9675323d/tensorzero-2025.11.3-cp39-abi3-musllinux_1_2_aarch64.whl", hash = "sha256:ccbcb45949593cfdb7e7653a9b6366beb077f0cd34e04e0297003eae669a66d4", size = 30418456, upload-time = "2025-11-10T16:19:42.416Z" },
    { url = "https://files.pythonhosted.org/packages/28/e8/1c5a31b9e7e3893b64de8e95b6cbd2cbbb5b3276df5f2fce7fdc88f21bec/tensorzero-2025.11.3-cp39-abi3-musllinux_1_2_x86_64.whl", hash = "sha256:10c308dc8b9ec50855592f1cdb4cf7f526957cea447d9382e89a3f7c30f1df8e", size = 30874808, upload-time = "2025-11-10T16:19:44.857Z" },
    { url = "https://files.pythonhosted.org/packages/3d/a1/c7ab519399b8a4cef596a80c5aed3054cdf3ff648a50ea4b363eae3fe2f7/tensorzero-2025.11.3-cp39-abi3-win_amd64.whl", hash = "sha256:61eb11eedd43aeda1eba2a123a417563fa38a2f869f6cbe45c53ad872e9fea76", size = 26506233, upload-time = "2025-11-11T14:24:18.403Z" },
]

[[package]]
name = "tensorzero"
version = "2026.1.5"
source = { registry = "https://pypi.org/simple" }
resolution-markers = [
    "python_full_version >= '3.10'",
]
dependencies = [
    { name = "dacite", marker = "python_full_version >= '3.10'" },
    { name = "httpx", marker = "python_full_version >= '3.10'" },
    { name = "typing-extensions", marker = "python_full_version >= '3.10'" },
    { name = "uuid-utils", marker = "python_full_version >= '3.10'" },
]
sdist = { url = "https://files.pythonhosted.org/packages/e2/dd/5629b41b7da4bd277741039a7dbc50f5b83994a443b2cb549cea734b47c7/tensorzero-2026.1.5.tar.gz", hash = "sha256:beb805c33fb4217d899e2b824bf24435b93be737ba2967bc488215ba4000f5e4", size = 1663426, upload-time = "2026-01-24T17:52:28.935Z" }
wheels = [
    { url = "https://files.pythonhosted.org/packages/53/92/a0724aaff4b90d4994961308515c215c9869cbcdb7b8b94aa85c98b98a9b/tensorzero-2026.1.5-cp310-abi3-macosx_11_0_arm64.whl", hash = "sha256:160c0f32c3119addfd5f64eb93efc51a920a3cd77398982b7d177676c7a0c9f7", size = 35630038, upload-time = "2026-01-24T17:52:20.683Z" },
    { url = "https://files.pythonhosted.org/packages/51/78/b5edd0f1b382276d60f5a369d496b144939039511b4c80da238853ceea1d/tensorzero-2026.1.5-cp310-abi3-manylinux_2_17_aarch64.manylinux2014_aarch64.whl", hash = "sha256:2b0b6571ad51e3116100ae8d40fee8f6aa128ba851fefc2981c184bd0422bf0c", size = 37283165, upload-time = "2026-01-24T17:52:13.684Z" },
    { url = "https://files.pythonhosted.org/packages/44/c0/82ee0421c45fabcba5124350a92f47c6ff7c6bd4365b25b63262bf88bb4f/tensorzero-2026.1.5-cp310-abi3-manylinux_2_17_x86_64.manylinux2014_x86_64.whl", hash = "sha256:f58322ea0f7c0460e18ba59bc8540fbfb9d4c13ef1a0f867a5f0bbf32478ccd2", size = 37769093, upload-time = "2026-01-24T17:52:17.609Z" },
    { url = "https://files.pythonhosted.org/packages/0d/a4/51ecf57e0115c8863aa20adf3cfe9dc8d91657a09cd3e4313e1f2a669b6e/tensorzero-2026.1.5-cp310-abi3-musllinux_1_2_aarch64.whl", hash = "sha256:a069ad5a20f7011682ccabb2dcd31e470635a57983d332016160b6652ffc9ff9", size = 37504618, upload-time = "2026-01-24T17:52:23.705Z" },
    { url = "https://files.pythonhosted.org/packages/89/d7/0d740907e3e6252539c025ab3262cb061c8e4d8dd76239fe0e064be0b985/tensorzero-2026.1.5-cp310-abi3-musllinux_1_2_x86_64.whl", hash = "sha256:09f655155ffd4618f3202c45e70a21584e14578f09372da8c76d7f3e1ab27925", size = 38217504, upload-time = "2026-01-24T17:52:26.706Z" },
    { url = "https://files.pythonhosted.org/packages/fa/6c/f88d03195ad628e59ae62026d36563225f4ae304478ed3fc4c5cebbc59dc/tensorzero-2026.1.5-cp310-abi3-win_amd64.whl", hash = "sha256:56835dddb2b50379a8c4056552ed152a4d9e0b25eee7744697f1cb1443a203e8", size = 35166852, upload-time = "2026-01-24T17:52:30.864Z" },
]

[[package]]
name = "tensorzero-examples-docs-guides-observability-query-historical-inferences"
version = "0.0.0"
source = { virtual = "." }
dependencies = [
    { name = "tensorzero", version = "2025.11.3", source = { registry = "https://pypi.org/simple" }, marker = "python_full_version < '3.10'" },
    { name = "tensorzero", version = "2026.1.5", source = { registry = "https://pypi.org/simple" }, marker = "python_full_version >= '3.10'" },
]

[package.metadata]
requires-dist = [{ name = "tensorzero", specifier = ">=2025.8.3" }]

[[package]]
name = "typing-extensions"
version = "4.15.0"
source = { registry = "https://pypi.org/simple" }
sdist = { url = "https://files.pythonhosted.org/packages/72/94/1a15dd82efb362ac84269196e94cf00f187f7ed21c242792a923cdb1c61f/typing_extensions-4.15.0.tar.gz", hash = "sha256:0cea48d173cc12fa28ecabc3b837ea3cf6f38c6d1136f85cbaaf598984861466", size = 109391, upload-time = "2025-08-25T13:49:26.313Z" }
wheels = [
    { url = "https://files.pythonhosted.org/packages/18/67/36e9267722cc04a6b9f15c7f3441c2363321a3ea07da7ae0c0707beb2a9c/typing_extensions-4.15.0-py3-none-any.whl", hash = "sha256:f0fa19c6845758ab08074a0cfa8b7aecb71c999ca73d62883bc25cc018c4e548", size = 44614, upload-time = "2025-08-25T13:49:24.86Z" },
]

[[package]]
name = "uuid-utils"
version = "0.12.0"
source = { registry = "https://pypi.org/simple" }
sdist = { url = "https://files.pythonhosted.org/packages/0b/0e/512fb221e4970c2f75ca9dae412d320b7d9ddc9f2b15e04ea8e44710396c/uuid_utils-0.12.0.tar.gz", hash = "sha256:252bd3d311b5d6b7f5dfce7a5857e27bb4458f222586bb439463231e5a9cbd64", size = 20889, upload-time = "2025-12-01T17:29:55.494Z" }
wheels = [
    { url = "https://files.pythonhosted.org/packages/8a/43/de5cd49a57b6293b911b6a9a62fc03e55db9f964da7d5882d9edbee1e9d2/uuid_utils-0.12.0-cp39-abi3-macosx_10_12_x86_64.macosx_11_0_arm64.macosx_10_12_universal2.whl", hash = "sha256:3b9b30707659292f207b98f294b0e081f6d77e1fbc760ba5b41331a39045f514", size = 603197, upload-time = "2025-12-01T17:29:30.104Z" },
    { url = "https://files.pythonhosted.org/packages/02/fa/5fd1d8c9234e44f0c223910808cde0de43bb69f7df1349e49b1afa7f2baa/uuid_utils-0.12.0-cp39-abi3-macosx_10_12_x86_64.whl", hash = "sha256:add3d820c7ec14ed37317375bea30249699c5d08ff4ae4dbee9fc9bce3bfbf65", size = 305168, upload-time = "2025-12-01T17:29:31.384Z" },
    { url = "https://files.pythonhosted.org/packages/c8/c6/8633ac9942bf9dc97a897b5154e5dcffa58816ec4dd780b3b12b559ff05c/uuid_utils-0.12.0-cp39-abi3-manylinux_2_17_aarch64.manylinux2014_aarch64.whl", hash = "sha256:1b8fce83ecb3b16af29c7809669056c4b6e7cc912cab8c6d07361645de12dd79", size = 340580, upload-time = "2025-12-01T17:29:32.362Z" },
    { url = "https://files.pythonhosted.org/packages/f3/88/8a61307b04b4da1c576373003e6d857a04dade52ab035151d62cb84d5cb5/uuid_utils-0.12.0-cp39-abi3-manylinux_2_17_armv7l.manylinux2014_armv7l.whl", hash = "sha256:ec921769afcb905035d785582b0791d02304a7850fbd6ce924c1a8976380dfc6", size = 346771, upload-time = "2025-12-01T17:29:33.708Z" },
    { url = "https://files.pythonhosted.org/packages/1c/fb/aab2dcf94b991e62aa167457c7825b9b01055b884b888af926562864398c/uuid_utils-0.12.0-cp39-abi3-manylinux_2_17_ppc64le.manylinux2014_ppc64le.whl", hash = "sha256:6f3b060330f5899a92d5c723547dc6a95adef42433e9748f14c66859a7396664", size = 474781, upload-time = "2025-12-01T17:29:35.237Z" },
    { url = "https://files.pythonhosted.org/packages/5a/7a/dbd5e49c91d6c86dba57158bbfa0e559e1ddf377bb46dcfd58aea4f0d567/uuid_utils-0.12.0-cp39-abi3-manylinux_2_17_x86_64.manylinux2014_x86_64.whl", hash = "sha256:908dfef7f0bfcf98d406e5dc570c25d2f2473e49b376de41792b6e96c1d5d291", size = 343685, upload-time = "2025-12-01T17:29:36.677Z" },
    { url = "https://files.pythonhosted.org/packages/1a/19/8c4b1d9f450159733b8be421a4e1fb03533709b80ed3546800102d085572/uuid_utils-0.12.0-cp39-abi3-manylinux_2_5_i686.manylinux1_i686.whl", hash = "sha256:4c6a24148926bd0ca63e8a2dabf4cc9dc329a62325b3ad6578ecd60fbf926506", size = 366482, upload-time = "2025-12-01T17:29:37.979Z" },
    { url = "https://files.pythonhosted.org/packages/82/43/c79a6e45687647f80a159c8ba34346f287b065452cc419d07d2212d38420/uuid_utils-0.12.0-cp39-abi3-musllinux_1_2_aarch64.whl", hash = "sha256:64a91e632669f059ef605f1771d28490b1d310c26198e46f754e8846dddf12f4", size = 523132, upload-time = "2025-12-01T17:29:39.293Z" },
    { url = "https://files.pythonhosted.org/packages/5a/a2/b2d75a621260a40c438aa88593827dfea596d18316520a99e839f7a5fb9d/uuid_utils-0.12.0-cp39-abi3-musllinux_1_2_armv7l.whl", hash = "sha256:93c082212470bb4603ca3975916c205a9d7ef1443c0acde8fbd1e0f5b36673c7", size = 614218, upload-time = "2025-12-01T17:29:40.315Z" },
    { url = "https://files.pythonhosted.org/packages/13/6b/ba071101626edd5a6dabf8525c9a1537ff3d885dbc210540574a03901fef/uuid_utils-0.12.0-cp39-abi3-musllinux_1_2_i686.whl", hash = "sha256:431b1fb7283ba974811b22abd365f2726f8f821ab33f0f715be389640e18d039", size = 546241, upload-time = "2025-12-01T17:29:41.656Z" },
    { url = "https://files.pythonhosted.org/packages/01/12/9a942b81c0923268e6d85bf98d8f0a61fcbcd5e432fef94fdf4ce2ef8748/uuid_utils-0.12.0-cp39-abi3-musllinux_1_2_x86_64.whl", hash = "sha256:2ffd7838c40149100299fa37cbd8bab5ee382372e8e65a148002a37d380df7c8", size = 511842, upload-time = "2025-12-01T17:29:43.107Z" },
    { url = "https://files.pythonhosted.org/packages/a9/a7/c326f5163dd48b79368b87d8a05f5da4668dd228a3f5ca9d79d5fee2fc40/uuid_utils-0.12.0-cp39-abi3-win32.whl", hash = "sha256:487f17c0fee6cbc1d8b90fe811874174a9b1b5683bf2251549e302906a50fed3", size = 179088, upload-time = "2025-12-01T17:29:44.492Z" },
    { url = "https://files.pythonhosted.org/packages/38/92/41c8734dd97213ee1d5ae435cf4499705dc4f2751e3b957fd12376f61784/uuid_utils-0.12.0-cp39-abi3-win_amd64.whl", hash = "sha256:9598e7c9da40357ae8fffc5d6938b1a7017f09a1acbcc95e14af8c65d48c655a", size = 183003, upload-time = "2025-12-01T17:29:45.47Z" },
    { url = "https://files.pythonhosted.org/packages/c9/f9/52ab0359618987331a1f739af837d26168a4b16281c9c3ab46519940c628/uuid_utils-0.12.0-cp39-abi3-win_arm64.whl", hash = "sha256:c9bea7c5b2aa6f57937ebebeee4d4ef2baad10f86f1b97b58a3f6f34c14b4e84", size = 182975, upload-time = "2025-12-01T17:29:46.444Z" },
    { url = "https://files.pythonhosted.org/packages/ef/f7/6c55b7722cede3b424df02ed5cddb25c19543abda2f95fa4cfc34a892ae5/uuid_utils-0.12.0-pp311-pypy311_pp73-macosx_10_12_x86_64.macosx_11_0_arm64.macosx_10_12_universal2.whl", hash = "sha256:e2209d361f2996966ab7114f49919eb6aaeabc6041672abbbbf4fdbb8ec1acc0", size = 593065, upload-time = "2025-12-01T17:29:47.507Z" },
    { url = "https://files.pythonhosted.org/packages/b8/40/ce5fe8e9137dbd5570e0016c2584fca43ad81b11a1cef809a1a1b4952ab7/uuid_utils-0.12.0-pp311-pypy311_pp73-macosx_10_12_x86_64.whl", hash = "sha256:d9636bcdbd6cfcad2b549c352b669412d0d1eb09be72044a2f13e498974863cd", size = 300047, upload-time = "2025-12-01T17:29:48.596Z" },
    { url = "https://files.pythonhosted.org/packages/fb/9b/31c5d0736d7b118f302c50214e581f40e904305d8872eb0f0c921d50e138/uuid_utils-0.12.0-pp311-pypy311_pp73-manylinux_2_17_aarch64.manylinux2014_aarch64.whl", hash = "sha256:8cd8543a3419251fb78e703ce3b15fdfafe1b7c542cf40caf0775e01db7e7674", size = 335165, upload-time = "2025-12-01T17:29:49.755Z" },
    { url = "https://files.pythonhosted.org/packages/f6/5c/d80b4d08691c9d7446d0ad58fd41503081a662cfd2c7640faf68c64d8098/uuid_utils-0.12.0-pp311-pypy311_pp73-manylinux_2_17_armv7l.manylinux2014_armv7l.whl", hash = "sha256:e98db2d8977c052cb307ae1cb5cc37a21715e8d415dbc65863b039397495a013", size = 341437, upload-time = "2025-12-01T17:29:51.112Z" },
    { url = "https://files.pythonhosted.org/packages/f6/b3/9dccdc6f3c22f6ef5bd381ae559173f8a1ae185ae89ed1f39f499d9d8b02/uuid_utils-0.12.0-pp311-pypy311_pp73-manylinux_2_17_ppc64le.manylinux2014_ppc64le.whl", hash = "sha256:f8f2bdf5e4ffeb259ef6d15edae92aed60a1d6f07cbfab465d836f6b12b48da8", size = 469123, upload-time = "2025-12-01T17:29:52.389Z" },
    { url = "https://files.pythonhosted.org/packages/fd/90/6c35ef65fbc49f8189729839b793a4a74a7dd8c5aa5eb56caa93f8c97732/uuid_utils-0.12.0-pp311-pypy311_pp73-manylinux_2_17_x86_64.manylinux2014_x86_64.whl", hash = "sha256:8c3ec53c0cb15e1835870c139317cc5ec06e35aa22843e3ed7d9c74f23f23898", size = 335892, upload-time = "2025-12-01T17:29:53.44Z" },
    { url = "https://files.pythonhosted.org/packages/6b/c7/e3f3ce05c5af2bf86a0938d22165affe635f4dcbfd5687b1dacc042d3e0e/uuid_utils-0.12.0-pp311-pypy311_pp73-manylinux_2_5_i686.manylinux1_i686.whl", hash = "sha256:84e5c0eba209356f7f389946a3a47b2cc2effd711b3fc7c7f155ad9f7d45e8a3", size = 360693, upload-time = "2025-12-01T17:29:54.558Z" },
]
