version = 1
revision = 2
requires-python = ">=3.9"

[[package]]
name = "anyio"
version = "4.11.0"
source = { registry = "https://pypi.org/simple" }
dependencies = [
    { name = "exceptiongroup", marker = "python_full_version < '3.11'" },
    { name = "idna" },
    { name = "sniffio" },
    { name = "typing-extensions", marker = "python_full_version < '3.13'" },
]
sdist = { url = "https://files.pythonhosted.org/packages/c6/78/7d432127c41b50bccba979505f272c16cbcadcc33645d5fa3a738110ae75/anyio-4.11.0.tar.gz", hash = "sha256:82a8d0b81e318cc5ce71a5f1f8b5c4e63619620b63141ef8c995fa0db95a57c4", size = 219094, upload_time = "2025-09-23T09:19:12.58Z" }
wheels = [
    { url = "https://files.pythonhosted.org/packages/15/b3/9b1a8074496371342ec1e796a96f99c82c945a339cd81a8e73de28b4cf9e/anyio-4.11.0-py3-none-any.whl", hash = "sha256:0287e96f4d26d4149305414d4e3bc32f0dcd0862365a4bddea19d7a1ec38c4fc", size = 109097, upload_time = "2025-09-23T09:19:10.601Z" },
]

[[package]]
name = "certifi"
version = "2025.10.5"
source = { registry = "https://pypi.org/simple" }
sdist = { url = "https://files.pythonhosted.org/packages/4c/5b/b6ce21586237c77ce67d01dc5507039d444b630dd76611bbca2d8e5dcd91/certifi-2025.10.5.tar.gz", hash = "sha256:47c09d31ccf2acf0be3f701ea53595ee7e0b8fa08801c6624be771df09ae7b43", size = 164519, upload_time = "2025-10-05T04:12:15.808Z" }
wheels = [
    { url = "https://files.pythonhosted.org/packages/e4/37/af0d2ef3967ac0d6113837b44a4f0bfe1328c2b9763bd5b1744520e5cfed/certifi-2025.10.5-py3-none-any.whl", hash = "sha256:0f212c2744a9bb6de0c56639a6f68afe01ecd92d91f14ae897c4fe7bbeeef0de", size = 163286, upload_time = "2025-10-05T04:12:14.03Z" },
]

[[package]]
name = "exceptiongroup"
version = "1.3.0"
source = { registry = "https://pypi.org/simple" }
dependencies = [
    { name = "typing-extensions", marker = "python_full_version < '3.13'" },
]
sdist = { url = "https://files.pythonhosted.org/packages/0b/9f/a65090624ecf468cdca03533906e7c69ed7588582240cfe7cc9e770b50eb/exceptiongroup-1.3.0.tar.gz", hash = "sha256:b241f5885f560bc56a59ee63ca4c6a8bfa46ae4ad651af316d4e81817bb9fd88", size = 29749, upload_time = "2025-05-10T17:42:51.123Z" }
wheels = [
    { url = "https://files.pythonhosted.org/packages/36/f4/c6e662dade71f56cd2f3735141b265c3c79293c109549c1e6933b0651ffc/exceptiongroup-1.3.0-py3-none-any.whl", hash = "sha256:4d111e6e0c13d0644cad6ddaa7ed0261a0b36971f6d23e7ec9b4b9097da78a10", size = 16674, upload_time = "2025-05-10T17:42:49.33Z" },
]

[[package]]
name = "h11"
version = "0.16.0"
source = { registry = "https://pypi.org/simple" }
sdist = { url = "https://files.pythonhosted.org/packages/01/ee/02a2c011bdab74c6fb3c75474d40b3052059d95df7e73351460c8588d963/h11-0.16.0.tar.gz", hash = "sha256:4e35b956cf45792e4caa5885e69fba00bdbc6ffafbfa020300e549b208ee5ff1", size = 101250, upload_time = "2025-04-24T03:35:25.427Z" }
wheels = [
    { url = "https://files.pythonhosted.org/packages/04/4b/29cac41a4d98d144bf5f6d33995617b185d14b22401f75ca86f384e87ff1/h11-0.16.0-py3-none-any.whl", hash = "sha256:63cf8bbe7522de3bf65932fda1d9c2772064ffb3dae62d55932da54b31cb6c86", size = 37515, upload_time = "2025-04-24T03:35:24.344Z" },
]

[[package]]
name = "httpcore"
version = "1.0.9"
source = { registry = "https://pypi.org/simple" }
dependencies = [
    { name = "certifi" },
    { name = "h11" },
]
sdist = { url = "https://files.pythonhosted.org/packages/06/94/82699a10bca87a5556c9c59b5963f2d039dbd239f25bc2a63907a05a14cb/httpcore-1.0.9.tar.gz", hash = "sha256:6e34463af53fd2ab5d807f399a9b45ea31c3dfa2276f15a2c3f00afff6e176e8", size = 85484, upload_time = "2025-04-24T22:06:22.219Z" }
wheels = [
    { url = "https://files.pythonhosted.org/packages/7e/f5/f66802a942d491edb555dd61e3a9961140fd64c90bce1eafd741609d334d/httpcore-1.0.9-py3-none-any.whl", hash = "sha256:2d400746a40668fc9dec9810239072b40b4484b640a8c38fd654a024c7a1bf55", size = 78784, upload_time = "2025-04-24T22:06:20.566Z" },
]

[[package]]
name = "httpx"
version = "0.28.1"
source = { registry = "https://pypi.org/simple" }
dependencies = [
    { name = "anyio" },
    { name = "certifi" },
    { name = "httpcore" },
    { name = "idna" },
]
sdist = { url = "https://files.pythonhosted.org/packages/b1/df/48c586a5fe32a0f01324ee087459e112ebb7224f646c0b5023f5e79e9956/httpx-0.28.1.tar.gz", hash = "sha256:75e98c5f16b0f35b567856f597f06ff2270a374470a5c2392242528e3e3e42fc", size = 141406, upload_time = "2024-12-06T15:37:23.222Z" }
wheels = [
    { url = "https://files.pythonhosted.org/packages/2a/39/e50c7c3a983047577ee07d2a9e53faf5a69493943ec3f6a384bdc792deb2/httpx-0.28.1-py3-none-any.whl", hash = "sha256:d909fcccc110f8c7faf814ca82a9a4d816bc5a6dbfea25d6591d6985b8ba59ad", size = 73517, upload_time = "2024-12-06T15:37:21.509Z" },
]

[[package]]
name = "idna"
version = "3.10"
source = { registry = "https://pypi.org/simple" }
sdist = { url = "https://files.pythonhosted.org/packages/f1/70/7703c29685631f5a7590aa73f1f1d3fa9a380e654b86af429e0934a32f7d/idna-3.10.tar.gz", hash = "sha256:12f65c9b470abda6dc35cf8e63cc574b1c52b11df2c86030af0ac09b01b13ea9", size = 190490, upload_time = "2024-09-15T18:07:39.745Z" }
wheels = [
    { url = "https://files.pythonhosted.org/packages/76/c6/c88e154df9c4e1a2a66ccf0005a88dfb2650c1dffb6f5ce603dfbd452ce3/idna-3.10-py3-none-any.whl", hash = "sha256:946d195a0d259cbba61165e88e65941f16e9b36ea6ddb97f00452bae8b1287d3", size = 70442, upload_time = "2024-09-15T18:07:37.964Z" },
]

[[package]]
name = "sniffio"
version = "1.3.1"
source = { registry = "https://pypi.org/simple" }
sdist = { url = "https://files.pythonhosted.org/packages/a2/87/a6771e1546d97e7e041b6ae58d80074f81b7d5121207425c964ddf5cfdbd/sniffio-1.3.1.tar.gz", hash = "sha256:f4324edc670a0f49750a81b895f35c3adb843cca46f0530f79fc1babb23789dc", size = 20372, upload_time = "2024-02-25T23:20:04.057Z" }
wheels = [
    { url = "https://files.pythonhosted.org/packages/e9/44/75a9c9421471a6c4805dbf2356f7c181a29c1879239abab1ea2cc8f38b40/sniffio-1.3.1-py3-none-any.whl", hash = "sha256:2f6da418d1f1e0fddd844478f41680e794e6051915791a034ff65e5f100525a2", size = 10235, upload_time = "2024-02-25T23:20:01.196Z" },
]

[[package]]
name = "tensorzero"
version = "2025.10.1"
source = { registry = "https://pypi.org/simple" }
dependencies = [
    { name = "httpx" },
    { name = "typing-extensions" },
    { name = "uuid-utils" },
]
sdist = { url = "https://files.pythonhosted.org/packages/07/1d/9fa1babdf9f3932038b1d5bcc68857a437e0b2753df6f6f2258f9c50831c/tensorzero-2025.10.1.tar.gz", hash = "sha256:93d9d70633dae3b1c2449190e682198711a5ca4e47550dfe1fb03e99f23f27ab", size = 1507436, upload_time = "2025-10-04T14:06:57.958Z" }
wheels = [
    { url = "https://files.pythonhosted.org/packages/6c/8a/26340c2a2997378cf93b43cfb9e91d738c52bc54f64d0df6ad1b0d7a5375/tensorzero-2025.10.1-cp39-abi3-macosx_10_12_x86_64.whl", hash = "sha256:a6542eadcf3233e1478bbe61811bf25b60962d5a84354f17121cc48573d91f1b", size = 23818322, upload_time = "2025-10-04T14:06:50.958Z" },
    { url = "https://files.pythonhosted.org/packages/5d/79/e323af338447b98feefde013b96b6a7f7b7f55324ea97bc01691b716ceb1/tensorzero-2025.10.1-cp39-abi3-macosx_11_0_arm64.whl", hash = "sha256:b70f6d181de06f79286dc4c03d2dcc6daffbef83cdbf714832b0e9159b25d49e", size = 22739750, upload_time = "2025-10-04T14:06:48.354Z" },
    { url = "https://files.pythonhosted.org/packages/cf/db/950828cf8caf74ded5c0f7a1b3140ba5a5e6e76401e2f564680e0a222dc4/tensorzero-2025.10.1-cp39-abi3-manylinux_2_17_aarch64.manylinux2014_aarch64.whl", hash = "sha256:f9565df5f6abdca764c636f7d604e755bbbf8522a8860531bb79fc16c0793d52", size = 24867898, upload_time = "2025-10-04T14:06:43.175Z" },
    { url = "https://files.pythonhosted.org/packages/06/14/e2dd4f5e754f01770f141fd6d7a565942b5385dfdfdab1f20cb214eae245/tensorzero-2025.10.1-cp39-abi3-manylinux_2_17_x86_64.manylinux2014_x86_64.whl", hash = "sha256:009ea9a161df854b51e5e85eb5b85d51d4659c1993894ea2ccd06a161918edcf", size = 25230654, upload_time = "2025-10-04T14:06:45.78Z" },
    { url = "https://files.pythonhosted.org/packages/82/d3/e85b4248bf775e58606a0d517ae954dfb6e128c2f2c84ab4c5dff48bb3cc/tensorzero-2025.10.1-cp39-abi3-musllinux_1_2_aarch64.whl", hash = "sha256:66a8ebf55bdea2ba363deaa67bfd408f30a6f012ebe2efc8622b5354412ea411", size = 25091548, upload_time = "2025-10-04T14:06:53.063Z" },
    { url = "https://files.pythonhosted.org/packages/3e/a4/d35750429b8e29091b157821d3b1edfd811f3d497c2a003936d57323608d/tensorzero-2025.10.1-cp39-abi3-musllinux_1_2_x86_64.whl", hash = "sha256:da045a47cf4fe663e8c45c80b723d0533a736281b96be50b77732b9e7b044ee1", size = 25854495, upload_time = "2025-10-04T14:06:55.568Z" },
    { url = "https://files.pythonhosted.org/packages/f4/c3/b9cfbdd8f02c21b6df5c49dfe1878f5b51ce8c4bec63702d3eb9a4ac6a2b/tensorzero-2025.10.1-cp39-abi3-win_amd64.whl", hash = "sha256:a92ef0718d650b6b8327334ae1687fa840401139fdf95b6cba0635c00db66660", size = 21953210, upload_time = "2025-10-04T14:06:59.413Z" },
]

[[package]]
name = "tensorzero-examples-docs-guides-operations-enforce-rate-limits"
version = "0.0.0"
source = { virtual = "." }
dependencies = [
    { name = "tensorzero" },
]

[package.metadata]
requires-dist = [{ name = "tensorzero", specifier = ">=2025.10.1" }]

[[package]]
name = "typing-extensions"
version = "4.15.0"
source = { registry = "https://pypi.org/simple" }
sdist = { url = "https://files.pythonhosted.org/packages/72/94/1a15dd82efb362ac84269196e94cf00f187f7ed21c242792a923cdb1c61f/typing_extensions-4.15.0.tar.gz", hash = "sha256:0cea48d173cc12fa28ecabc3b837ea3cf6f38c6d1136f85cbaaf598984861466", size = 109391, upload_time = "2025-08-25T13:49:26.313Z" }
wheels = [
    { url = "https://files.pythonhosted.org/packages/18/67/36e9267722cc04a6b9f15c7f3441c2363321a3ea07da7ae0c0707beb2a9c/typing_extensions-4.15.0-py3-none-any.whl", hash = "sha256:f0fa19c6845758ab08074a0cfa8b7aecb71c999ca73d62883bc25cc018c4e548", size = 44614, upload_time = "2025-08-25T13:49:24.86Z" },
]

[[package]]
name = "uuid-utils"
version = "0.11.1"
source = { registry = "https://pypi.org/simple" }
sdist = { url = "https://files.pythonhosted.org/packages/e2/ef/b6c1fd4fee3b2854bf9d602530ab8b6624882e2691c15a9c4d22ea8c03eb/uuid_utils-0.11.1.tar.gz", hash = "sha256:7ef455547c2ccb712840b106b5ab006383a9bfe4125ba1c5ab92e47bcbf79b46", size = 19933, upload_time = "2025-10-02T13:32:09.526Z" }
wheels = [
    { url = "https://files.pythonhosted.org/packages/40/f5/254d7ce4b3aa4a1a3a4f279e0cc74eec8b4d3a61641d8ffc6e983907f2ca/uuid_utils-0.11.1-cp39-abi3-macosx_10_12_x86_64.macosx_11_0_arm64.macosx_10_12_universal2.whl", hash = "sha256:4bc8cf73c375b9ea11baf70caacc2c4bf7ce9bfd804623aa0541e5656f3dbeaf", size = 581019, upload_time = "2025-10-02T13:31:32.239Z" },
    { url = "https://files.pythonhosted.org/packages/68/e6/f7d14c4e1988d8beb3ac9bd773f370376c704925bdfb07380f5476bb2986/uuid_utils-0.11.1-cp39-abi3-macosx_10_12_x86_64.whl", hash = "sha256:0d2cb3bcc6f5862d08a0ee868b18233bc63ba9ea0e85ea9f3f8e703983558eba", size = 294377, upload_time = "2025-10-02T13:31:34.01Z" },
    { url = "https://files.pythonhosted.org/packages/8e/40/847a9a0258e7a2a14b015afdaa06ee4754a2680db7b74bac159d594eeb18/uuid_utils-0.11.1-cp39-abi3-manylinux_2_17_aarch64.manylinux2014_aarch64.whl", hash = "sha256:463400604f623969f198aba9133ebfd717636f5e34257340302b1c3ff685dc0f", size = 328070, upload_time = "2025-10-02T13:31:35.619Z" },
    { url = "https://files.pythonhosted.org/packages/44/0c/c5d342d31860c9b4f481ef31a4056825961f9b462d216555e76dcee580ea/uuid_utils-0.11.1-cp39-abi3-manylinux_2_17_armv7l.manylinux2014_armv7l.whl", hash = "sha256:aef66b935342b268c6ffc1796267a1d9e73135740a10fe7e4098e1891cbcc476", size = 333610, upload_time = "2025-10-02T13:31:37.058Z" },
    { url = "https://files.pythonhosted.org/packages/e1/4b/52edc023ffcb9ab9a4042a58974a79c39ba7a565e683f1fd9814b504cf13/uuid_utils-0.11.1-cp39-abi3-manylinux_2_17_ppc64le.manylinux2014_ppc64le.whl", hash = "sha256:fd65c41b81b762278997de0d027161f27f9cc4058fa57bbc0a1aaa63a63d6d1a", size = 475669, upload_time = "2025-10-02T13:31:38.38Z" },
    { url = "https://files.pythonhosted.org/packages/59/81/ee55ee63264531bb1c97b5b6033ad6ec81b5cd77f89174e9aef3af3d8889/uuid_utils-0.11.1-cp39-abi3-manylinux_2_17_x86_64.manylinux2014_x86_64.whl", hash = "sha256:ccfac9d5d7522d61accabb8c68448ead6407933415e67e62123ed6ed11f86510", size = 331946, upload_time = "2025-10-02T13:31:39.66Z" },
    { url = "https://files.pythonhosted.org/packages/cf/07/5d4be27af0e9648afa512f0d11bb6d96cb841dd6d29b57baa3fbf55fd62e/uuid_utils-0.11.1-cp39-abi3-manylinux_2_5_i686.manylinux1_i686.whl", hash = "sha256:003f48f05c01692d0c1f7e413d194e7299a1a364e0047a4eb904d3478b84eca1", size = 352920, upload_time = "2025-10-02T13:31:40.94Z" },
    { url = "https://files.pythonhosted.org/packages/5b/48/a69dddd9727512b0583b87bfff97d82a8813b28fb534a183c9e37033cfef/uuid_utils-0.11.1-cp39-abi3-musllinux_1_2_aarch64.whl", hash = "sha256:a5c936042120bdc30d62f539165beaa4a6ba7e817a89e5409a6f06dc62c677a9", size = 509413, upload_time = "2025-10-02T13:31:42.547Z" },
    { url = "https://files.pythonhosted.org/packages/66/0d/1b529a3870c2354dd838d5f133a1cba75220242b0061f04a904ca245a131/uuid_utils-0.11.1-cp39-abi3-musllinux_1_2_i686.whl", hash = "sha256:2e16dcdbdf4cd34ffb31ead6236960adb50e6c962c9f4554a6ecfdfa044c6259", size = 529454, upload_time = "2025-10-02T13:31:44.338Z" },
    { url = "https://files.pythonhosted.org/packages/bd/f2/04a3f77c85585aac09d546edaf871a4012052fb8ace6dbddd153b4d50f02/uuid_utils-0.11.1-cp39-abi3-musllinux_1_2_x86_64.whl", hash = "sha256:f8b21fed11b23134502153d652c77c3a37fa841a9aa15a4e6186d440a22f1a0e", size = 498084, upload_time = "2025-10-02T13:31:45.601Z" },
    { url = "https://files.pythonhosted.org/packages/89/08/538b380b4c4b220f3222c970930fe459cc37f1dfc6c8dc912568d027f17d/uuid_utils-0.11.1-cp39-abi3-win32.whl", hash = "sha256:72abab5ab27c1b914e3f3f40f910532ae242df1b5f0ae43f1df2ef2f610b2a8c", size = 174314, upload_time = "2025-10-02T13:31:47.269Z" },
    { url = "https://files.pythonhosted.org/packages/00/66/971ec830094ac1c7d46381678f7138c1805015399805e7dd7769c893c9c8/uuid_utils-0.11.1-cp39-abi3-win_amd64.whl", hash = "sha256:5ed9962f8993ef2fd418205f92830c29344102f86871d99b57cef053abf227d9", size = 179214, upload_time = "2025-10-02T13:31:48.344Z" },
    { url = "https://files.pythonhosted.org/packages/b5/34/8caf2873f968294662dc5cc5f0a52249eaada290c1b941d808578e857d44/uuid_utils-0.11.1-pp310-pypy310_pp73-macosx_10_12_x86_64.macosx_11_0_arm64.macosx_10_12_universal2.whl", hash = "sha256:d7d9cfb7a6d2e70782fee6f34ea4aa56de16aeb8c3ab80ad62e379d06bed213c", size = 580313, upload_time = "2025-10-02T13:31:49.641Z" },
    { url = "https://files.pythonhosted.org/packages/ef/76/87612c87fcb58b3e7b94db596ec80b777594e8a57b2c6552f6274e59202a/uuid_utils-0.11.1-pp310-pypy310_pp73-macosx_10_12_x86_64.whl", hash = "sha256:fb4899b1598f12ddf25861e85c760e739116d9255b766346c0c564f44826da1e", size = 294291, upload_time = "2025-10-02T13:31:50.864Z" },
    { url = "https://files.pythonhosted.org/packages/b8/47/752baf97e8322580727c85fbe96f38843191c6ecd5482f307193a315ff35/uuid_utils-0.11.1-pp310-pypy310_pp73-manylinux_2_17_aarch64.manylinux2014_aarch64.whl", hash = "sha256:83dd427e754c527d47512cc9211ca58f770fb904c964a20c94aa14b875864426", size = 326852, upload_time = "2025-10-02T13:31:52.487Z" },
    { url = "https://files.pythonhosted.org/packages/47/f2/887f499a4f555c51a0b8f7545fad35e95b208c8ca60926c61c6506a29726/uuid_utils-0.11.1-pp310-pypy310_pp73-manylinux_2_17_armv7l.manylinux2014_armv7l.whl", hash = "sha256:f05ede1e8b86ac5fce381530ae7e6c241dca8579aae028a33b59385195ac91aa", size = 332499, upload_time = "2025-10-02T13:31:53.684Z" },
    { url = "https://files.pythonhosted.org/packages/1c/f2/c10356f7787efa4980993d66ef796787076457df11692e101d99b72c0a77/uuid_utils-0.11.1-pp310-pypy310_pp73-manylinux_2_17_ppc64le.manylinux2014_ppc64le.whl", hash = "sha256:52e041072a402f1c7bb46bda156bc308adfe63075ac69d16f17fd4e651e016e9", size = 474585, upload_time = "2025-10-02T13:31:54.899Z" },
    { url = "https://files.pythonhosted.org/packages/04/fa/2b76936be180575af4fa8aa992b2f2082d03945e3fd56c5bef7d30336da7/uuid_utils-0.11.1-pp310-pypy310_pp73-manylinux_2_17_x86_64.manylinux2014_x86_64.whl", hash = "sha256:e4631774f439926c2488cf77a3b1afaa7ee96b94aae7cff14b7e080d375f3287", size = 330729, upload_time = "2025-10-02T13:31:56.277Z" },
    { url = "https://files.pythonhosted.org/packages/0f/54/2689fd44b1ef5fa045d4fce38977d466f18072a04a63b63739677369613d/uuid_utils-0.11.1-pp310-pypy310_pp73-manylinux_2_5_i686.manylinux1_i686.whl", hash = "sha256:502de88885234f59e1bb4c2756f1369aa14a45f8aca25771c977057a8bbd595a", size = 351930, upload_time = "2025-10-02T13:31:57.872Z" },
    { url = "https://files.pythonhosted.org/packages/88/53/5d02a025954cb520d46ae7fbf47096a421faa1ddfe0a9477114aeb9410cd/uuid_utils-0.11.1-pp39-pypy39_pp73-macosx_10_12_x86_64.macosx_11_0_arm64.macosx_10_12_universal2.whl", hash = "sha256:e6ce277bc8b1c6020908d2fba29c6f018b3c6132865dda8b5ab2da3496ed5270", size = 580730, upload_time = "2025-10-02T13:31:59.578Z" },
    { url = "https://files.pythonhosted.org/packages/66/8e/a161fad3242124b0565d5383ac8a51d87ee5292350fdfabd23b300a161ae/uuid_utils-0.11.1-pp39-pypy39_pp73-macosx_10_12_x86_64.whl", hash = "sha256:a0e04966246e9ef73229eacf3300f53b7491e2cca90bf5c2e724c7ef9ecfa57c", size = 294481, upload_time = "2025-10-02T13:32:01.33Z" },
    { url = "https://files.pythonhosted.org/packages/d1/b5/65d498e22d62cde1214548bd9ba2f3443bafeebee916bf860b48b872cb90/uuid_utils-0.11.1-pp39-pypy39_pp73-manylinux_2_17_aarch64.manylinux2014_aarch64.whl", hash = "sha256:8df5deed6b1c55aae0a7d8221911ea6f4ef9c03eecf40b2442f605ca1c42e4b4", size = 327635, upload_time = "2025-10-02T13:32:02.777Z" },
    { url = "https://files.pythonhosted.org/packages/36/e6/8626f55c3ea4312268fff3de459e903eb187aaf773837faca41701405892/uuid_utils-0.11.1-pp39-pypy39_pp73-manylinux_2_17_armv7l.manylinux2014_armv7l.whl", hash = "sha256:34c864e3c098e773eb763ca66450444759ee882413ca76e5c69d57bf689f0cfe", size = 332879, upload_time = "2025-10-02T13:32:04.24Z" },
    { url = "https://files.pythonhosted.org/packages/6e/f8/cb0763df3b4777045f67e15aa54f9a600fdfdd9a317839729da1e5f1fc97/uuid_utils-0.11.1-pp39-pypy39_pp73-manylinux_2_17_ppc64le.manylinux2014_ppc64le.whl", hash = "sha256:52c8858cbb6a6d6745db75e6e205268378c122890aad5f06367a764ed48a0aa3", size = 475165, upload_time = "2025-10-02T13:32:05.49Z" },
    { url = "https://files.pythonhosted.org/packages/04/c4/f9b303d6a6be633fb46ebf4c8e825aa0928fe1e6560f36082ae0862e23a0/uuid_utils-0.11.1-pp39-pypy39_pp73-manylinux_2_17_x86_64.manylinux2014_x86_64.whl", hash = "sha256:96e601fde7dc2efa5af6fba79be43cac451184abb7c6b578a274ddce0678b17d", size = 331187, upload_time = "2025-10-02T13:32:06.806Z" },
    { url = "https://files.pythonhosted.org/packages/a4/b7/0e6a8c36f50925c8d786e6925392a849289c4bfaa0613a23832ad3574929/uuid_utils-0.11.1-pp39-pypy39_pp73-manylinux_2_5_i686.manylinux1_i686.whl", hash = "sha256:7dfab8bb7e047bac7baeb1cc06b1570cb1aa611f87962dfe16e198212535bfdc", size = 352623, upload_time = "2025-10-02T13:32:08.45Z" },
]
