version = 1
requires-python = ">=3.10"

[[package]]
name = "anyio"
version = "4.4.0"
source = { registry = "https://pypi.org/simple" }
dependencies = [
    { name = "exceptiongroup", marker = "python_full_version < '3.11'" },
    { name = "idna" },
    { name = "sniffio" },
    { name = "typing-extensions", marker = "python_full_version < '3.11'" },
]
sdist = { url = "https://files.pythonhosted.org/packages/e6/e3/c4c8d473d6780ef1853d630d581f70d655b4f8d7553c6997958c283039a2/anyio-4.4.0.tar.gz", hash = "sha256:5aadc6a1bbb7cdb0bede386cac5e2940f5e2ff3aa20277e991cf028e0585ce94", size = 163930 }
wheels = [
    { url = "https://files.pythonhosted.org/packages/7b/a2/10639a79341f6c019dedc95bd48a4928eed9f1d1197f4c04f546fc7ae0ff/anyio-4.4.0-py3-none-any.whl", hash = "sha256:c1b2d8f46a8a812513012e1107cb0e68c17159a7a594208005a57dc776e1bdc7", size = 86780 },
]

[[package]]
name = "certifi"
version = "2024.7.4"
source = { registry = "https://pypi.org/simple" }
sdist = { url = "https://files.pythonhosted.org/packages/c2/02/a95f2b11e207f68bc64d7aae9666fed2e2b3f307748d5123dffb72a1bbea/certifi-2024.7.4.tar.gz", hash = "sha256:5a1e7645bc0ec61a09e26c36f6106dd4cf40c6db3a1fb6352b0244e7fb057c7b", size = 164065 }
wheels = [
    { url = "https://files.pythonhosted.org/packages/1c/d5/c84e1a17bf61d4df64ca866a1c9a913874b4e9bdc131ec689a0ad013fb36/certifi-2024.7.4-py3-none-any.whl", hash = "sha256:c198e21b1289c2ab85ee4e67bb4b4ef3ead0892059901a8d5b622f24a1101e90", size = 162960 },
]

[[package]]
name = "colorama"
version = "0.4.6"
source = { registry = "https://pypi.org/simple" }
sdist = { url = "https://files.pythonhosted.org/packages/d8/53/6f443c9a4a8358a93a6792e2acffb9d9d5cb0a5cfd8802644b7b1c9a02e4/colorama-0.4.6.tar.gz", hash = "sha256:08695f5cb7ed6e0531a20572697297273c47b8cae5a63ffc6d6ed5c201be6e44", size = 27697 }
wheels = [
    { url = "https://files.pythonhosted.org/packages/d1/d6/3965ed04c63042e047cb6a3e6ed1a63a35087b6a609aa3a15ed8ac56c221/colorama-0.4.6-py2.py3-none-any.whl", hash = "sha256:4f1d9991f5acc0ca119f9d443620b77f9d6b33703e51011c16baf57afb285fc6", size = 25335 },
]

[[package]]
name = "exceptiongroup"
version = "1.2.2"
source = { registry = "https://pypi.org/simple" }
sdist = { url = "https://files.pythonhosted.org/packages/09/35/2495c4ac46b980e4ca1f6ad6db102322ef3ad2410b79fdde159a4b0f3b92/exceptiongroup-1.2.2.tar.gz", hash = "sha256:47c2edf7c6738fafb49fd34290706d1a1a2f4d1c6df275526b62cbb4aa5393cc", size = 28883 }
wheels = [
    { url = "https://files.pythonhosted.org/packages/02/cc/b7e31358aac6ed1ef2bb790a9746ac2c69bcb3c8588b41616914eb106eaf/exceptiongroup-1.2.2-py3-none-any.whl", hash = "sha256:3111b9d131c238bec2f8f516e123e14ba243563fb135d3fe885990585aa7795b", size = 16453 },
]

[[package]]
name = "h11"
version = "0.14.0"
source = { registry = "https://pypi.org/simple" }
sdist = { url = "https://files.pythonhosted.org/packages/f5/38/3af3d3633a34a3316095b39c8e8fb4853a28a536e55d347bd8d8e9a14b03/h11-0.14.0.tar.gz", hash = "sha256:8f19fbbe99e72420ff35c00b27a34cb9937e902a8b810e2c88300c6f0a3b699d", size = 100418 }
wheels = [
    { url = "https://files.pythonhosted.org/packages/95/04/ff642e65ad6b90db43e668d70ffb6736436c7ce41fcc549f4e9472234127/h11-0.14.0-py3-none-any.whl", hash = "sha256:e3fe4ac4b851c468cc8363d500db52c2ead036020723024a109d37346efaa761", size = 58259 },
]

[[package]]
name = "httpcore"
version = "1.0.5"
source = { registry = "https://pypi.org/simple" }
dependencies = [
    { name = "certifi" },
    { name = "h11" },
]
sdist = { url = "https://files.pythonhosted.org/packages/17/b0/5e8b8674f8d203335a62fdfcfa0d11ebe09e23613c3391033cbba35f7926/httpcore-1.0.5.tar.gz", hash = "sha256:34a38e2f9291467ee3b44e89dd52615370e152954ba21721378a87b2960f7a61", size = 83234 }
wheels = [
    { url = "https://files.pythonhosted.org/packages/78/d4/e5d7e4f2174f8a4d63c8897d79eb8fe2503f7ecc03282fee1fa2719c2704/httpcore-1.0.5-py3-none-any.whl", hash = "sha256:421f18bac248b25d310f3cacd198d55b8e6125c107797b609ff9b7a6ba7991b5", size = 77926 },
]

[[package]]
name = "httpx"
version = "0.27.0"
source = { registry = "https://pypi.org/simple" }
dependencies = [
    { name = "anyio" },
    { name = "certifi" },
    { name = "httpcore" },
    { name = "idna" },
    { name = "sniffio" },
]
sdist = { url = "https://files.pythonhosted.org/packages/5c/2d/3da5bdf4408b8b2800061c339f240c1802f2e82d55e50bd39c5a881f47f0/httpx-0.27.0.tar.gz", hash = "sha256:a0cb88a46f32dc874e04ee956e4c2764aba2aa228f650b06788ba6bda2962ab5", size = 126413 }
wheels = [
    { url = "https://files.pythonhosted.org/packages/41/7b/ddacf6dcebb42466abd03f368782142baa82e08fc0c1f8eaa05b4bae87d5/httpx-0.27.0-py3-none-any.whl", hash = "sha256:71d5465162c13681bff01ad59b2cc68dd838ea1f10e51574bac27103f00c91a5", size = 75590 },
]

[[package]]
name = "idna"
version = "3.8"
source = { registry = "https://pypi.org/simple" }
sdist = { url = "https://files.pythonhosted.org/packages/e8/ac/e349c5e6d4543326c6883ee9491e3921e0d07b55fdf3cce184b40d63e72a/idna-3.8.tar.gz", hash = "sha256:d838c2c0ed6fced7693d5e8ab8e734d5f8fda53a039c0164afb0b82e771e3603", size = 189467 }
wheels = [
    { url = "https://files.pythonhosted.org/packages/22/7e/d71db821f177828df9dea8c42ac46473366f191be53080e552e628aad991/idna-3.8-py3-none-any.whl", hash = "sha256:050b4e5baadcd44d760cedbd2b8e639f2ff89bbc7a5730fcc662954303377aac", size = 66894 },
]

[[package]]
name = "iniconfig"
version = "2.0.0"
source = { registry = "https://pypi.org/simple" }
sdist = { url = "https://files.pythonhosted.org/packages/d7/4b/cbd8e699e64a6f16ca3a8220661b5f83792b3017d0f79807cb8708d33913/iniconfig-2.0.0.tar.gz", hash = "sha256:2d91e135bf72d31a410b17c16da610a82cb55f6b0477d1a902134b24a455b8b3", size = 4646 }
wheels = [
    { url = "https://files.pythonhosted.org/packages/ef/a6/62565a6e1cf69e10f5727360368e451d4b7f58beeac6173dc9db836a5b46/iniconfig-2.0.0-py3-none-any.whl", hash = "sha256:b6a85871a79d2e3b22d2d1b94ac2824226a63c6b741c88f7ae975f18b6778374", size = 5892 },
]

[[package]]
name = "packaging"
version = "24.1"
source = { registry = "https://pypi.org/simple" }
sdist = { url = "https://files.pythonhosted.org/packages/51/65/50db4dda066951078f0a96cf12f4b9ada6e4b811516bf0262c0f4f7064d4/packaging-24.1.tar.gz", hash = "sha256:026ed72c8ed3fcce5bf8950572258698927fd1dbda10a5e981cdf0ac37f4f002", size = 148788 }
wheels = [
    { url = "https://files.pythonhosted.org/packages/08/aa/cc0199a5f0ad350994d660967a8efb233fe0416e4639146c089643407ce6/packaging-24.1-py3-none-any.whl", hash = "sha256:5b8f2217dbdbd2f7f384c41c628544e6d52f2d0f53c6d0c3ea61aa5d1d7ff124", size = 53985 },
]

[[package]]
name = "pluggy"
version = "1.5.0"
source = { registry = "https://pypi.org/simple" }
sdist = { url = "https://files.pythonhosted.org/packages/96/2d/02d4312c973c6050a18b314a5ad0b3210edb65a906f868e31c111dede4a6/pluggy-1.5.0.tar.gz", hash = "sha256:2cffa88e94fdc978c4c574f15f9e59b7f4201d439195c3715ca9e2486f1d0cf1", size = 67955 }
wheels = [
    { url = "https://files.pythonhosted.org/packages/88/5f/e351af9a41f866ac3f1fac4ca0613908d9a41741cfcf2228f4ad853b697d/pluggy-1.5.0-py3-none-any.whl", hash = "sha256:44e1ad92c8ca002de6377e165f3e0f1be63266ab4d554740532335b9d75ea669", size = 20556 },
]

[[package]]
name = "pytest"
version = "8.3.2"
source = { registry = "https://pypi.org/simple" }
dependencies = [
    { name = "colorama", marker = "sys_platform == 'win32'" },
    { name = "exceptiongroup", marker = "python_full_version < '3.11'" },
    { name = "iniconfig" },
    { name = "packaging" },
    { name = "pluggy" },
    { name = "tomli", marker = "python_full_version < '3.11'" },
]
sdist = { url = "https://files.pythonhosted.org/packages/b4/8c/9862305bdcd6020bc7b45b1b5e7397a6caf1a33d3025b9a003b39075ffb2/pytest-8.3.2.tar.gz", hash = "sha256:c132345d12ce551242c87269de812483f5bcc87cdbb4722e48487ba194f9fdce", size = 1439314 }
wheels = [
    { url = "https://files.pythonhosted.org/packages/0f/f9/cf155cf32ca7d6fa3601bc4c5dd19086af4b320b706919d48a4c79081cf9/pytest-8.3.2-py3-none-any.whl", hash = "sha256:4ba08f9ae7dcf84ded419494d229b48d0903ea6407b030eaec46df5e6a73bba5", size = 341802 },
]

[[package]]
name = "pytest-asyncio"
version = "0.24.0"
source = { registry = "https://pypi.org/simple" }
dependencies = [
    { name = "pytest" },
]
sdist = { url = "https://files.pythonhosted.org/packages/52/6d/c6cf50ce320cf8611df7a1254d86233b3df7cc07f9b5f5cbcb82e08aa534/pytest_asyncio-0.24.0.tar.gz", hash = "sha256:d081d828e576d85f875399194281e92bf8a68d60d72d1a2faf2feddb6c46b276", size = 49855 }
wheels = [
    { url = "https://files.pythonhosted.org/packages/96/31/6607dab48616902f76885dfcf62c08d929796fc3b2d2318faf9fd54dbed9/pytest_asyncio-0.24.0-py3-none-any.whl", hash = "sha256:a811296ed596b69bf0b6f3dc40f83bcaf341b155a269052d82efa2b25ac7037b", size = 18024 },
]

[[package]]
name = "sniffio"
version = "1.3.1"
source = { registry = "https://pypi.org/simple" }
sdist = { url = "https://files.pythonhosted.org/packages/a2/87/a6771e1546d97e7e041b6ae58d80074f81b7d5121207425c964ddf5cfdbd/sniffio-1.3.1.tar.gz", hash = "sha256:f4324edc670a0f49750a81b895f35c3adb843cca46f0530f79fc1babb23789dc", size = 20372 }
wheels = [
    { url = "https://files.pythonhosted.org/packages/e9/44/75a9c9421471a6c4805dbf2356f7c181a29c1879239abab1ea2cc8f38b40/sniffio-1.3.1-py3-none-any.whl", hash = "sha256:2f6da418d1f1e0fddd844478f41680e794e6051915791a034ff65e5f100525a2", size = 10235 },
]

[[package]]
name = "tensorzero"
version = "2024.12.3"
source = { editable = "." }
dependencies = [
    { name = "httpx" },
    { name = "uuid-utils" },
]

[package.dev-dependencies]
dev = [
    { name = "pytest" },
    { name = "pytest-asyncio" },
]

[package.metadata]
requires-dist = [
    { name = "httpx", specifier = ">=0.27.0" },
    { name = "uuid-utils", specifier = ">=0.9.0" },
]

[package.metadata.requires-dev]
dev = [
    { name = "pytest", specifier = ">=8.3.2" },
    { name = "pytest-asyncio", specifier = ">=0.24.0" },
]

[[package]]
name = "tomli"
version = "2.0.1"
source = { registry = "https://pypi.org/simple" }
sdist = { url = "https://files.pythonhosted.org/packages/c0/3f/d7af728f075fb08564c5949a9c95e44352e23dee646869fa104a3b2060a3/tomli-2.0.1.tar.gz", hash = "sha256:de526c12914f0c550d15924c62d72abc48d6fe7364aa87328337a31007fe8a4f", size = 15164 }
wheels = [
    { url = "https://files.pythonhosted.org/packages/97/75/10a9ebee3fd790d20926a90a2547f0bf78f371b2f13aa822c759680ca7b9/tomli-2.0.1-py3-none-any.whl", hash = "sha256:939de3e7a6161af0c887ef91b7d41a53e7c5a1ca976325f429cb46ea9bc30ecc", size = 12757 },
]

[[package]]
name = "typing-extensions"
version = "4.12.2"
source = { registry = "https://pypi.org/simple" }
sdist = { url = "https://files.pythonhosted.org/packages/df/db/f35a00659bc03fec321ba8bce9420de607a1d37f8342eee1863174c69557/typing_extensions-4.12.2.tar.gz", hash = "sha256:1a7ead55c7e559dd4dee8856e3a88b41225abfe1ce8df57b7c13915fe121ffb8", size = 85321 }
wheels = [
    { url = "https://files.pythonhosted.org/packages/26/9f/ad63fc0248c5379346306f8668cda6e2e2e9c95e01216d2b8ffd9ff037d0/typing_extensions-4.12.2-py3-none-any.whl", hash = "sha256:04e5ca0351e0f3f85c6853954072df659d0d13fac324d0072316b67d7794700d", size = 37438 },
]

[[package]]
name = "uuid-utils"
version = "0.9.0"
source = { registry = "https://pypi.org/simple" }
sdist = { url = "https://files.pythonhosted.org/packages/96/0e/d912848d302af4607e14c3dcbf1d0e7b3499a011eca2ff8324405252f289/uuid_utils-0.9.0.tar.gz", hash = "sha256:239f45b7e71d0ea61e3a4957aa4b8f3b49bfb009cf768d11c3f464787dbb737f", size = 18197 }
wheels = [
    { url = "https://files.pythonhosted.org/packages/fd/68/7e579a2f15b6ea3a41677312a0c3214200759381072de56b95ea0db9a8bd/uuid_utils-0.9.0-cp310-cp310-macosx_10_12_x86_64.macosx_11_0_arm64.macosx_10_12_universal2.whl", hash = "sha256:28da15c275ef06a759efe0fcba7c58eab8ae2217f7a7f66289dee6ae332605a0", size = 534555 },
    { url = "https://files.pythonhosted.org/packages/79/57/e4576e5f15ebf631934ef6f1a20bbeb0e2d65fea897138aab1423209e455/uuid_utils-0.9.0-cp310-cp310-macosx_10_12_x86_64.whl", hash = "sha256:81144165068e84a1ac8b92f23bfc961e5b5dbb89ddcff70c5e7d096ae07a439c", size = 272152 },
    { url = "https://files.pythonhosted.org/packages/27/55/7c563cf0cf680df1b40befec5a385b03ba11da3013eba4e1f8337d308bd0/uuid_utils-0.9.0-cp310-cp310-manylinux_2_17_aarch64.manylinux2014_aarch64.whl", hash = "sha256:362695ed7756b1b89d9a2dd193fe2523ca1d4a31235606f7cb516a322789ffc4", size = 320887 },
    { url = "https://files.pythonhosted.org/packages/6b/83/143394cbfb0c4054c4a77dfb92d60a4b5fb4fc92684c97fe1484d47ab9f3/uuid_utils-0.9.0-cp310-cp310-manylinux_2_17_armv7l.manylinux2014_armv7l.whl", hash = "sha256:36cb70e29f5749b554ae06f1a88926c9b47d5b48004b6903fb7ea47e8b398080", size = 316286 },
    { url = "https://files.pythonhosted.org/packages/41/4d/cf0b944b61e6eb5e5544307bde44269046699fd4586b4057b9ad333e1e95/uuid_utils-0.9.0-cp310-cp310-manylinux_2_17_ppc64le.manylinux2014_ppc64le.whl", hash = "sha256:fa39a95eb67e2b98a61d4e64ddf622ee902fe9142b579921ab3e9027472f5080", size = 346094 },
    { url = "https://files.pythonhosted.org/packages/85/8f/24aa8c48859d6d7cfc7c7c4675b9e3246b65bc739edc198f65597326629f/uuid_utils-0.9.0-cp310-cp310-manylinux_2_17_x86_64.manylinux2014_x86_64.whl", hash = "sha256:d9b7029044d40f66366cebb6a94ecb04d8c0a745029561552d527ac52dc0deb9", size = 310681 },
    { url = "https://files.pythonhosted.org/packages/ee/bd/7f01b25925f810bde7ea01ada8fbbf22971332737b4a84c7c0ec120ef219/uuid_utils-0.9.0-cp310-cp310-manylinux_2_5_i686.manylinux1_i686.whl", hash = "sha256:c883c6f815d2af344dab585d7b16a77410fcb1f6c097e6ad0384bd12cd84e16e", size = 322366 },
    { url = "https://files.pythonhosted.org/packages/79/c2/0f52756921fb845a1aca3043d80974500ca3227536e60f2c4ac273095a4a/uuid_utils-0.9.0-cp310-cp310-musllinux_1_2_aarch64.whl", hash = "sha256:be5f83e9002a43aac868fa9cbc73f28cfb0b4e8b14f5a449fef04fea31bf2904", size = 499915 },
    { url = "https://files.pythonhosted.org/packages/41/ae/71c623791155ab9e4217b0c28b5b4e75f0a00bd38f08eadfa3e79cfdbe3b/uuid_utils-0.9.0-cp310-cp310-musllinux_1_2_i686.whl", hash = "sha256:8f84b0fd38df8a211230b8bbd02d5e7e631f1d35c1ba67efb895f80c7d9215aa", size = 498051 },
    { url = "https://files.pythonhosted.org/packages/40/2e/6310af4d598e99af39ac218b26c35cb32b11403949301581a3b3fe8ac78a/uuid_utils-0.9.0-cp310-cp310-musllinux_1_2_x86_64.whl", hash = "sha256:89cc342b061d8e3f669b8aaeb8d9e2973407c93aaa675dc6a59e985feda2805c", size = 481519 },
    { url = "https://files.pythonhosted.org/packages/fe/64/4e6486e96d690a8b0bfc5e5b85ed08b4da251243d3503f2e065a73693195/uuid_utils-0.9.0-cp310-none-win32.whl", hash = "sha256:3d5554f44aeab9706770169316897f79089b51a061800684b7f29bccf663ad0f", size = 161829 },
    { url = "https://files.pythonhosted.org/packages/41/8e/1b10e0e52fff3571d8091a3c138c598c4571e6504a20f74718045d528dd6/uuid_utils-0.9.0-cp310-none-win_amd64.whl", hash = "sha256:db35df169f17617129cc070e3a8fba00598ee55adcbe22c79b2c2f306eeb3b9e", size = 170971 },
    { url = "https://files.pythonhosted.org/packages/f4/17/7668adf5d73a70a449b730d1957a19f87e6d2adae788977fca1435a85945/uuid_utils-0.9.0-cp311-cp311-macosx_10_12_x86_64.macosx_11_0_arm64.macosx_10_12_universal2.whl", hash = "sha256:cdb7224fb8b1f18edcd4357f83fcbe33b9f82ac392095e5d9e0e05336d65d587", size = 534087 },
    { url = "https://files.pythonhosted.org/packages/6d/12/66c2a9e31befe8feaf4a1c4cb6bf60355d0eaa4379e54aca4201af7fac02/uuid_utils-0.9.0-cp311-cp311-macosx_10_12_x86_64.whl", hash = "sha256:5312449ea5427a94edab3aebf2cff8f99a3112f273dd9d5919e332bc4e6a031f", size = 272046 },
    { url = "https://files.pythonhosted.org/packages/3e/ac/6f15ab98bfdd8f6e3de9c0da1e1418ea87b902477294df884a072a877911/uuid_utils-0.9.0-cp311-cp311-manylinux_2_17_aarch64.manylinux2014_aarch64.whl", hash = "sha256:1d6837677217b3d0aa375f8aa7b89935c3ebf2ee5e1667be50b2090741684baa", size = 320467 },
    { url = "https://files.pythonhosted.org/packages/f5/bc/7290aaac7e3807dacd6c010725c00aa0773c78095ff8fd3010f1c2d7dda2/uuid_utils-0.9.0-cp311-cp311-manylinux_2_17_armv7l.manylinux2014_armv7l.whl", hash = "sha256:402e522f62ceb8344f579e37f9a25c9274d484675afd71ad725ddd61ced7cd36", size = 315916 },
    { url = "https://files.pythonhosted.org/packages/f1/7f/aab5cecc96f1292dfc45ea86212ceed8dc2bd3cd73a2a78768cf66eaade9/uuid_utils-0.9.0-cp311-cp311-manylinux_2_17_ppc64le.manylinux2014_ppc64le.whl", hash = "sha256:e24a27724b2289d66d75358ffecf698ae36816458897cfdec972e6ede1ead328", size = 345909 },
    { url = "https://files.pythonhosted.org/packages/be/22/daa6a3374f0d35d22a1b6be81b8c67098b39aa8e62c4602c458a3213e4d6/uuid_utils-0.9.0-cp311-cp311-manylinux_2_17_x86_64.manylinux2014_x86_64.whl", hash = "sha256:db04420c0b1a99f3160ddc90ba52986484ce8304b54586ea161133f755a4605b", size = 310582 },
    { url = "https://files.pythonhosted.org/packages/4e/61/a87a2263034859bec2a8a3baed7cfffa7120dc411a231531805cb37b465a/uuid_utils-0.9.0-cp311-cp311-manylinux_2_5_i686.manylinux1_i686.whl", hash = "sha256:152f3c1a0634558e329b64ff4a9592ee83b722e3fdc214f648f851fa14163c36", size = 322098 },
    { url = "https://files.pythonhosted.org/packages/bc/50/712c1566448d096d9f67a8e6c102da9114f5f66577990bd6c466d3cdb435/uuid_utils-0.9.0-cp311-cp311-musllinux_1_2_aarch64.whl", hash = "sha256:5710b6ca95966f80125f48dad9e3d70ef99f48dd892bec3cb38673d087a7d71a", size = 499367 },
    { url = "https://files.pythonhosted.org/packages/54/0a/f3d1a8e25f52077f21c3a4f2c0644e15f23243545c3da3f3965a68c1ff2d/uuid_utils-0.9.0-cp311-cp311-musllinux_1_2_i686.whl", hash = "sha256:e3b9b9cf0cc544ef552c955bc2caaecf5e38cc8ed65e23f208b0dcdb6d37719e", size = 497853 },
    { url = "https://files.pythonhosted.org/packages/56/52/2231fcd6358e079ef10273034f694cd87f99e8c35738ccbcea0da5e9fae1/uuid_utils-0.9.0-cp311-cp311-musllinux_1_2_x86_64.whl", hash = "sha256:6d715b6321d4728a1aa0d5e26a338c97aaba2bf337f3ef9804ef5027f07de61d", size = 481484 },
    { url = "https://files.pythonhosted.org/packages/db/81/169f160b1fe9a3a3c9cb7d691faa4440a02ce0b2a43d762fe388c8ac705f/uuid_utils-0.9.0-cp311-none-win32.whl", hash = "sha256:3b61b0543404c99f7f23fb556b69090bc58358e8bd9d570381722221281f3706", size = 161737 },
    { url = "https://files.pythonhosted.org/packages/59/a4/19d14926dc753f04aa3377a826b24043e21b93a45c9ec2143951bdb735a1/uuid_utils-0.9.0-cp311-none-win_amd64.whl", hash = "sha256:b4bdd9e80c92b1f253e66392e1d6ad0ec4926d5c7e2de3d852ee6fed1939f58b", size = 170836 },
    { url = "https://files.pythonhosted.org/packages/e5/f4/04595b630eb64862754b603460b63a0e74bc77c7ec4773d0cb2401bb430f/uuid_utils-0.9.0-cp312-cp312-macosx_10_12_x86_64.macosx_11_0_arm64.macosx_10_12_universal2.whl", hash = "sha256:9cfcfb222f62612bea58bdec32b6842d9636fca53ca4579f88c1b620b1c4cbf7", size = 532164 },
    { url = "https://files.pythonhosted.org/packages/d6/51/ba49d58c26598e9d626c3efc7359714df54efdf8ad34843eb0ab2d9e8575/uuid_utils-0.9.0-cp312-cp312-macosx_10_12_x86_64.whl", hash = "sha256:7253039ecfa534b3177b3225764cede9c6dae5db572e17d8582dd7cc5b3af484", size = 270572 },
    { url = "https://files.pythonhosted.org/packages/29/b1/15f418fd017e1aece19da118f0341bda4ad4e996381dec853ad188689aa3/uuid_utils-0.9.0-cp312-cp312-manylinux_2_17_aarch64.manylinux2014_aarch64.whl", hash = "sha256:6fb6e792ae1e3a7bf9d357f87dcf628923d0881f1d13a9cba826b848ca1774b1", size = 319803 },
    { url = "https://files.pythonhosted.org/packages/a9/f4/ab3e717d5eefc7ff0d6be566798ae0adf3e28929d8569772b03a4ac8c1ba/uuid_utils-0.9.0-cp312-cp312-manylinux_2_17_armv7l.manylinux2014_armv7l.whl", hash = "sha256:fbea3bb9ad319de7f69d6a60b6921acaa97d577aaeceb247b1ff4a8a92b3aa6a", size = 314883 },
    { url = "https://files.pythonhosted.org/packages/61/58/bc60120402e49590370bd8c5378a3afcbed6314a515c407e320ee2241ffe/uuid_utils-0.9.0-cp312-cp312-manylinux_2_17_ppc64le.manylinux2014_ppc64le.whl", hash = "sha256:09043b3f48e20d631c7a81030be8c4f6ea9a6d44cccda8cbbdc1ad18da301c89", size = 345763 },
    { url = "https://files.pythonhosted.org/packages/52/46/587845f8b7598218153a6b28e5c6bf5f65e2f165de8e31a5ca07d7989f3e/uuid_utils-0.9.0-cp312-cp312-manylinux_2_17_x86_64.manylinux2014_x86_64.whl", hash = "sha256:d9ba2681f5f177f800e40f5a0f09ed03c49f4290a245e4273d21cb48a7e88969", size = 309405 },
    { url = "https://files.pythonhosted.org/packages/c3/a1/15fbcdfbf50e9359f5b7d663b18f0c23f8e76b2adf15d0df007c8244106d/uuid_utils-0.9.0-cp312-cp312-manylinux_2_5_i686.manylinux1_i686.whl", hash = "sha256:866811473f3d9dc38c02dd08e076e333b9e4d41ce952353941b49d0724d2327b", size = 320388 },
    { url = "https://files.pythonhosted.org/packages/98/f1/fa2f15977712ec8935b82bebadcc7ec9d7e3f7c05d3f4a0647bd9ececad0/uuid_utils-0.9.0-cp312-cp312-musllinux_1_2_aarch64.whl", hash = "sha256:14aa9917ef11bd0ee1648237dddbf33aa0459e609ebe2f9202ffb259ca80f763", size = 499109 },
    { url = "https://files.pythonhosted.org/packages/f9/8e/d18df3626ebe2dbec87c2a3da311d977da4587edecf6e2e9e2d5a61c32bb/uuid_utils-0.9.0-cp312-cp312-musllinux_1_2_i686.whl", hash = "sha256:22cae83bc486a6c12b38239eb0546f2f81c81c34fcf833f84c2c7cd0cab1ad8f", size = 497834 },
    { url = "https://files.pythonhosted.org/packages/26/4f/d685bd6f42441b2e2f1825b7622d1000e27168a4674f79a56d4ee82ffc78/uuid_utils-0.9.0-cp312-cp312-musllinux_1_2_x86_64.whl", hash = "sha256:c9513399045169435563c284caba0f1802748b02f27c95769426b7a00ed246e1", size = 480511 },
    { url = "https://files.pythonhosted.org/packages/67/0e/0f93711bc07219db095ea91a2c8b683465256ca80a22ee38a74b6a88808b/uuid_utils-0.9.0-cp312-none-win_amd64.whl", hash = "sha256:284e6d24ba659d003bd47fcfc404d374c7807983407d4d61f26c80a3b7f4cb41", size = 170696 },
]
