{
  "name": "tensorzero-examples-docs-guides-gateway-call-an-llm",
  "version": "0.0.0",
  "lockfileVersion": 3,
  "requires": true,
  "packages": {
    "": {
      "name": "tensorzero-examples-docs-guides-gateway-call-an-llm",
      "version": "0.0.0",
      "license": "Apache-2.0",
      "dependencies": {
        "openai": "^5.15.0"
      }
    },
    "node_modules/openai": {
      "version": "5.15.0",
      "resolved": "https://registry.npmjs.org/openai/-/openai-5.15.0.tgz",
      "integrity": "sha512-kcUdws8K/A8m02I+IqFBwO51gS+87GP89yWEufGbzEi8anBz4FB/bti2QxaJdGwwY4mwJGzx85XO7TuL/Tpu1w==",
      "license": "Apache-2.0",
      "bin": {
        "openai": "bin/cli"
      },
      "peerDependencies": {
        "ws": "^8.18.0",
        "zod": "^3.23.8"
      },
      "peerDependenciesMeta": {
        "ws": {
          "optional": true
        },
        "zod": {
          "optional": true
        }
      }
    }
  }
}
