version = 1
revision = 3
requires-python = ">=3.10"

[options]
exclude-newer = "2026-04-24T19:57:15.017622Z"
exclude-newer-span = "P3D"

[options.exclude-newer-package]
tensorzero = false

[[package]]
name = "anyio"
version = "4.13.0"
source = { registry = "https://pypi.org/simple" }
dependencies = [
    { name = "exceptiongroup", marker = "python_full_version < '3.11'" },
    { name = "idna" },
    { name = "typing-extensions", marker = "python_full_version < '3.13'" },
]
sdist = { url = "https://files.pythonhosted.org/packages/19/14/2c5dd9f512b66549ae92767a9c7b330ae88e1932ca57876909410251fe13/anyio-4.13.0.tar.gz", hash = "sha256:334b70e641fd2221c1505b3890c69882fe4a2df910cba14d97019b90b24439dc", size = 231622, upload-time = "2026-03-24T12:59:09.671Z" }
wheels = [
    { url = "https://files.pythonhosted.org/packages/da/42/e921fccf5015463e32a3cf6ee7f980a6ed0f395ceeaa45060b61d86486c2/anyio-4.13.0-py3-none-any.whl", hash = "sha256:08b310f9e24a9594186fd75b4f73f4a4152069e3853f1ed8bfbf58369f4ad708", size = 114353, upload-time = "2026-03-24T12:59:08.246Z" },
]

[[package]]
name = "certifi"
version = "2026.4.22"
source = { registry = "https://pypi.org/simple" }
sdist = { url = "https://files.pythonhosted.org/packages/25/ee/6caf7a40c36a1220410afe15a1cc64993a1f864871f698c0f93acb72842a/certifi-2026.4.22.tar.gz", hash = "sha256:8d455352a37b71bf76a79caa83a3d6c25afee4a385d632127b6afb3963f1c580", size = 137077, upload-time = "2026-04-22T11:26:11.191Z" }
wheels = [
    { url = "https://files.pythonhosted.org/packages/22/30/7cd8fdcdfbc5b869528b079bfb76dcdf6056b1a2097a662e5e8c04f42965/certifi-2026.4.22-py3-none-any.whl", hash = "sha256:3cb2210c8f88ba2318d29b0388d1023c8492ff72ecdde4ebdaddbb13a31b1c4a", size = 135707, upload-time = "2026-04-22T11:26:09.372Z" },
]

[[package]]
name = "dacite"
version = "1.9.2"
source = { registry = "https://pypi.org/simple" }
sdist = { url = "https://files.pythonhosted.org/packages/55/a0/7ca79796e799a3e782045d29bf052b5cde7439a2bbb17f15ff44f7aacc63/dacite-1.9.2.tar.gz", hash = "sha256:6ccc3b299727c7aa17582f0021f6ae14d5de47c7227932c47fec4cdfefd26f09", size = 22420, upload-time = "2025-02-05T09:27:29.757Z" }
wheels = [
    { url = "https://files.pythonhosted.org/packages/94/35/386550fd60316d1e37eccdda609b074113298f23cef5bddb2049823fe666/dacite-1.9.2-py3-none-any.whl", hash = "sha256:053f7c3f5128ca2e9aceb66892b1a3c8936d02c686e707bee96e19deef4bc4a0", size = 16600, upload-time = "2025-02-05T09:27:24.345Z" },
]

[[package]]
name = "exceptiongroup"
version = "1.3.1"
source = { registry = "https://pypi.org/simple" }
dependencies = [
    { name = "typing-extensions", marker = "python_full_version < '3.13'" },
]
sdist = { url = "https://files.pythonhosted.org/packages/50/79/66800aadf48771f6b62f7eb014e352e5d06856655206165d775e675a02c9/exceptiongroup-1.3.1.tar.gz", hash = "sha256:8b412432c6055b0b7d14c310000ae93352ed6754f70fa8f7c34141f91c4e3219", size = 30371, upload-time = "2025-11-21T23:01:54.787Z" }
wheels = [
    { url = "https://files.pythonhosted.org/packages/8a/0e/97c33bf5009bdbac74fd2beace167cab3f978feb69cc36f1ef79360d6c4e/exceptiongroup-1.3.1-py3-none-any.whl", hash = "sha256:a7a39a3bd276781e98394987d3a5701d0c4edffb633bb7a5144577f82c773598", size = 16740, upload-time = "2025-11-21T23:01:53.443Z" },
]

[[package]]
name = "h11"
version = "0.16.0"
source = { registry = "https://pypi.org/simple" }
sdist = { url = "https://files.pythonhosted.org/packages/01/ee/02a2c011bdab74c6fb3c75474d40b3052059d95df7e73351460c8588d963/h11-0.16.0.tar.gz", hash = "sha256:4e35b956cf45792e4caa5885e69fba00bdbc6ffafbfa020300e549b208ee5ff1", size = 101250, upload-time = "2025-04-24T03:35:25.427Z" }
wheels = [
    { url = "https://files.pythonhosted.org/packages/04/4b/29cac41a4d98d144bf5f6d33995617b185d14b22401f75ca86f384e87ff1/h11-0.16.0-py3-none-any.whl", hash = "sha256:63cf8bbe7522de3bf65932fda1d9c2772064ffb3dae62d55932da54b31cb6c86", size = 37515, upload-time = "2025-04-24T03:35:24.344Z" },
]

[[package]]
name = "httpcore"
version = "1.0.9"
source = { registry = "https://pypi.org/simple" }
dependencies = [
    { name = "certifi" },
    { name = "h11" },
]
sdist = { url = "https://files.pythonhosted.org/packages/06/94/82699a10bca87a5556c9c59b5963f2d039dbd239f25bc2a63907a05a14cb/httpcore-1.0.9.tar.gz", hash = "sha256:6e34463af53fd2ab5d807f399a9b45ea31c3dfa2276f15a2c3f00afff6e176e8", size = 85484, upload-time = "2025-04-24T22:06:22.219Z" }
wheels = [
    { url = "https://files.pythonhosted.org/packages/7e/f5/f66802a942d491edb555dd61e3a9961140fd64c90bce1eafd741609d334d/httpcore-1.0.9-py3-none-any.whl", hash = "sha256:2d400746a40668fc9dec9810239072b40b4484b640a8c38fd654a024c7a1bf55", size = 78784, upload-time = "2025-04-24T22:06:20.566Z" },
]

[[package]]
name = "httpx"
version = "0.28.1"
source = { registry = "https://pypi.org/simple" }
dependencies = [
    { name = "anyio" },
    { name = "certifi" },
    { name = "httpcore" },
    { name = "idna" },
]
sdist = { url = "https://files.pythonhosted.org/packages/b1/df/48c586a5fe32a0f01324ee087459e112ebb7224f646c0b5023f5e79e9956/httpx-0.28.1.tar.gz", hash = "sha256:75e98c5f16b0f35b567856f597f06ff2270a374470a5c2392242528e3e3e42fc", size = 141406, upload-time = "2024-12-06T15:37:23.222Z" }
wheels = [
    { url = "https://files.pythonhosted.org/packages/2a/39/e50c7c3a983047577ee07d2a9e53faf5a69493943ec3f6a384bdc792deb2/httpx-0.28.1-py3-none-any.whl", hash = "sha256:d909fcccc110f8c7faf814ca82a9a4d816bc5a6dbfea25d6591d6985b8ba59ad", size = 73517, upload-time = "2024-12-06T15:37:21.509Z" },
]

[[package]]
name = "idna"
version = "3.13"
source = { registry = "https://pypi.org/simple" }
sdist = { url = "https://files.pythonhosted.org/packages/ce/cc/762dfb036166873f0059f3b7de4565e1b5bc3d6f28a414c13da27e442f99/idna-3.13.tar.gz", hash = "sha256:585ea8fe5d69b9181ec1afba340451fba6ba764af97026f92a91d4eef164a242", size = 194210, upload-time = "2026-04-22T16:42:42.314Z" }
wheels = [
    { url = "https://files.pythonhosted.org/packages/5d/13/ad7d7ca3808a898b4612b6fe93cde56b53f3034dcde235acb1f0e1df24c6/idna-3.13-py3-none-any.whl", hash = "sha256:892ea0cde124a99ce773decba204c5552b69c3c67ffd5f232eb7696135bc8bb3", size = 68629, upload-time = "2026-04-22T16:42:40.909Z" },
]

[[package]]
name = "tensorzero"
version = "2026.4.1"
source = { registry = "https://pypi.org/simple" }
dependencies = [
    { name = "dacite" },
    { name = "httpx" },
    { name = "typing-extensions" },
    { name = "uuid-utils" },
]
sdist = { url = "https://files.pythonhosted.org/packages/c9/1a/32b37bd6b3fd6663611dfb4f434fd8bc998f1a7ce588a537800d098f315a/tensorzero-2026.4.1.tar.gz", hash = "sha256:bfe9dfcda763055b71fe79a94cfcb12d5ed6ff38aeff9dbeebda94f353e1e856", size = 2211363, upload-time = "2026-04-24T18:19:53.469Z" }
wheels = [
    { url = "https://files.pythonhosted.org/packages/dd/d7/63e94f5df7268ede20faadf0a407644f181f28dbc677d706a9497264c0bb/tensorzero-2026.4.1-cp310-abi3-macosx_11_0_arm64.whl", hash = "sha256:9fd7ad80d84f984e135efd09a16006524cdd1eac306f197650d474f07b110573", size = 38233073, upload-time = "2026-04-24T18:19:42.825Z" },
    { url = "https://files.pythonhosted.org/packages/fb/8a/3dfe946c2e7542d9bd14c8f85256ce83c4356e8111458779f312f6eb3304/tensorzero-2026.4.1-cp310-abi3-manylinux_2_17_aarch64.manylinux2014_aarch64.whl", hash = "sha256:22240306f84bcb157b28436d3dcdfeddd5038aeece796771519cd07e756bb8a7", size = 41190141, upload-time = "2026-04-24T18:19:33.17Z" },
    { url = "https://files.pythonhosted.org/packages/65/21/8691674b6339a2b34f404bb40399d8f12f4981741fa14ca9f69d926e6dd2/tensorzero-2026.4.1-cp310-abi3-manylinux_2_17_x86_64.manylinux2014_x86_64.whl", hash = "sha256:d38bea9e28f48c3860d5ae727cbb8b0f73e8ec6fdcc828a827170bcb71f513c6", size = 41925013, upload-time = "2026-04-24T18:19:37.87Z" },
    { url = "https://files.pythonhosted.org/packages/41/41/54a9a66854266c147b2e3548cec4922e42540e8fd3bc522ce5a2b67841f7/tensorzero-2026.4.1-cp310-abi3-musllinux_1_2_aarch64.whl", hash = "sha256:374cf2b4635b90b7499ed5f598fd46c68a723696257984b3d3367a491d123d20", size = 41356554, upload-time = "2026-04-24T18:19:46.574Z" },
    { url = "https://files.pythonhosted.org/packages/f3/9c/234f288b0f63d0f42f6ff22279dcdafab8227dc3f8c3880f82b41ac91941/tensorzero-2026.4.1-cp310-abi3-musllinux_1_2_x86_64.whl", hash = "sha256:9d5070341c8ce7bde4b34340684abb8a2ec7e8f4033e2441ba36508bc4c93c7e", size = 42252950, upload-time = "2026-04-24T18:19:50.19Z" },
    { url = "https://files.pythonhosted.org/packages/99/ec/2a4681bc9db9cc8ce32695ba377991ef013aea71d979e52031492eb1e888/tensorzero-2026.4.1-cp310-abi3-win_amd64.whl", hash = "sha256:b1e3d22a9526eddbdbd03400fc6208f2cf9e4e3fa7425ae66b91bee580849cef", size = 37364342, upload-time = "2026-04-24T18:19:56.379Z" },
]

[[package]]
name = "tensorzero-examples-guides-datasets-datapoints"
version = "0.0.0"
source = { virtual = "." }
dependencies = [
    { name = "tensorzero" },
]

[package.metadata]
requires-dist = [{ name = "tensorzero", specifier = ">=2025.5.7" }]

[[package]]
name = "typing-extensions"
version = "4.15.0"
source = { registry = "https://pypi.org/simple" }
sdist = { url = "https://files.pythonhosted.org/packages/72/94/1a15dd82efb362ac84269196e94cf00f187f7ed21c242792a923cdb1c61f/typing_extensions-4.15.0.tar.gz", hash = "sha256:0cea48d173cc12fa28ecabc3b837ea3cf6f38c6d1136f85cbaaf598984861466", size = 109391, upload-time = "2025-08-25T13:49:26.313Z" }
wheels = [
    { url = "https://files.pythonhosted.org/packages/18/67/36e9267722cc04a6b9f15c7f3441c2363321a3ea07da7ae0c0707beb2a9c/typing_extensions-4.15.0-py3-none-any.whl", hash = "sha256:f0fa19c6845758ab08074a0cfa8b7aecb71c999ca73d62883bc25cc018c4e548", size = 44614, upload-time = "2025-08-25T13:49:24.86Z" },
]

[[package]]
name = "uuid-utils"
version = "0.14.1"
source = { registry = "https://pypi.org/simple" }
sdist = { url = "https://files.pythonhosted.org/packages/7b/d1/38a573f0c631c062cf42fa1f5d021d4dd3c31fb23e4376e4b56b0c9fbbed/uuid_utils-0.14.1.tar.gz", hash = "sha256:9bfc95f64af80ccf129c604fb6b8ca66c6f256451e32bc4570f760e4309c9b69", size = 22195, upload-time = "2026-02-20T22:50:38.833Z" }
wheels = [
    { url = "https://files.pythonhosted.org/packages/43/b7/add4363039a34506a58457d96d4aa2126061df3a143eb4d042aedd6a2e76/uuid_utils-0.14.1-cp39-abi3-macosx_10_12_x86_64.macosx_11_0_arm64.macosx_10_12_universal2.whl", hash = "sha256:93a3b5dc798a54a1feb693f2d1cb4cf08258c32ff05ae4929b5f0a2ca624a4f0", size = 604679, upload-time = "2026-02-20T22:50:27.469Z" },
    { url = "https://files.pythonhosted.org/packages/dd/84/d1d0bef50d9e66d31b2019997c741b42274d53dde2e001b7a83e9511c339/uuid_utils-0.14.1-cp39-abi3-macosx_10_12_x86_64.whl", hash = "sha256:ccd65a4b8e83af23eae5e56d88034b2fe7264f465d3e830845f10d1591b81741", size = 309346, upload-time = "2026-02-20T22:50:31.857Z" },
    { url = "https://files.pythonhosted.org/packages/ef/ed/b6d6fd52a6636d7c3eddf97d68da50910bf17cd5ac221992506fb56cf12e/uuid_utils-0.14.1-cp39-abi3-manylinux_2_17_aarch64.manylinux2014_aarch64.whl", hash = "sha256:b56b0cacd81583834820588378e432b0696186683b813058b707aedc1e16c4b1", size = 344714, upload-time = "2026-02-20T22:50:42.642Z" },
    { url = "https://files.pythonhosted.org/packages/a8/a7/a19a1719fb626fe0b31882db36056d44fe904dc0cf15b06fdf56b2679cf7/uuid_utils-0.14.1-cp39-abi3-manylinux_2_17_armv7l.manylinux2014_armv7l.whl", hash = "sha256:bb3cf14de789097320a3c56bfdfdd51b1225d11d67298afbedee7e84e3837c96", size = 350914, upload-time = "2026-02-20T22:50:36.487Z" },
    { url = "https://files.pythonhosted.org/packages/1d/fc/f6690e667fdc3bb1a73f57951f97497771c56fe23e3d302d7404be394d4f/uuid_utils-0.14.1-cp39-abi3-manylinux_2_17_ppc64le.manylinux2014_ppc64le.whl", hash = "sha256:60e0854a90d67f4b0cc6e54773deb8be618f4c9bad98d3326f081423b5d14fae", size = 482609, upload-time = "2026-02-20T22:50:37.511Z" },
    { url = "https://files.pythonhosted.org/packages/54/6e/dcd3fa031320921a12ec7b4672dea3bd1dd90ddffa363a91831ba834d559/uuid_utils-0.14.1-cp39-abi3-manylinux_2_17_x86_64.manylinux2014_x86_64.whl", hash = "sha256:ce6743ba194de3910b5feb1a62590cd2587e33a73ab6af8a01b642ceb5055862", size = 345699, upload-time = "2026-02-20T22:50:46.87Z" },
    { url = "https://files.pythonhosted.org/packages/04/28/e5220204b58b44ac0047226a9d016a113fde039280cc8732d9e6da43b39f/uuid_utils-0.14.1-cp39-abi3-manylinux_2_5_i686.manylinux1_i686.whl", hash = "sha256:043fb58fde6cf1620a6c066382f04f87a8e74feb0f95a585e4ed46f5d44af57b", size = 372205, upload-time = "2026-02-20T22:50:28.438Z" },
    { url = "https://files.pythonhosted.org/packages/c7/d9/3d2eb98af94b8dfffc82b6a33b4dfc87b0a5de2c68a28f6dde0db1f8681b/uuid_utils-0.14.1-cp39-abi3-musllinux_1_2_aarch64.whl", hash = "sha256:c915d53f22945e55fe0d3d3b0b87fd965a57f5fd15666fd92d6593a73b1dd297", size = 521836, upload-time = "2026-02-20T22:50:23.057Z" },
    { url = "https://files.pythonhosted.org/packages/a8/15/0eb106cc6fe182f7577bc0ab6e2f0a40be247f35c5e297dbf7bbc460bd02/uuid_utils-0.14.1-cp39-abi3-musllinux_1_2_armv7l.whl", hash = "sha256:0972488e3f9b449e83f006ead5a0e0a33ad4a13e4462e865b7c286ab7d7566a3", size = 625260, upload-time = "2026-02-20T22:50:25.949Z" },
    { url = "https://files.pythonhosted.org/packages/3c/17/f539507091334b109e7496830af2f093d9fc8082411eafd3ece58af1f8ba/uuid_utils-0.14.1-cp39-abi3-musllinux_1_2_i686.whl", hash = "sha256:1c238812ae0c8ffe77d8d447a32c6dfd058ea4631246b08b5a71df586ff08531", size = 587824, upload-time = "2026-02-20T22:50:35.225Z" },
    { url = "https://files.pythonhosted.org/packages/2e/c2/d37a7b2e41f153519367d4db01f0526e0d4b06f1a4a87f1c5dfca5d70a8b/uuid_utils-0.14.1-cp39-abi3-musllinux_1_2_x86_64.whl", hash = "sha256:bec8f8ef627af86abf8298e7ec50926627e29b34fa907fcfbedb45aaa72bca43", size = 551407, upload-time = "2026-02-20T22:50:44.915Z" },
    { url = "https://files.pythonhosted.org/packages/65/36/2d24b2cbe78547c6532da33fb8613debd3126eccc33a6374ab788f5e46e9/uuid_utils-0.14.1-cp39-abi3-win32.whl", hash = "sha256:b54d6aa6252d96bac1fdbc80d26ba71bad9f220b2724d692ad2f2310c22ef523", size = 183476, upload-time = "2026-02-20T22:50:32.745Z" },
    { url = "https://files.pythonhosted.org/packages/83/92/2d7e90df8b1a69ec4cff33243ce02b7a62f926ef9e2f0eca5a026889cd73/uuid_utils-0.14.1-cp39-abi3-win_amd64.whl", hash = "sha256:fc27638c2ce267a0ce3e06828aff786f91367f093c80625ee21dad0208e0f5ba", size = 187147, upload-time = "2026-02-20T22:50:45.807Z" },
    { url = "https://files.pythonhosted.org/packages/d9/26/529f4beee17e5248e37e0bc17a2761d34c0fa3b1e5729c88adb2065bae6e/uuid_utils-0.14.1-cp39-abi3-win_arm64.whl", hash = "sha256:b04cb49b42afbc4ff8dbc60cf054930afc479d6f4dd7f1ec3bbe5dbfdde06b7a", size = 188132, upload-time = "2026-02-20T22:50:41.718Z" },
    { url = "https://files.pythonhosted.org/packages/91/f9/6c64bdbf71f58ccde7919e00491812556f446a5291573af92c49a5e9aaef/uuid_utils-0.14.1-pp311-pypy311_pp73-macosx_10_12_x86_64.macosx_11_0_arm64.macosx_10_12_universal2.whl", hash = "sha256:b197cd5424cf89fb019ca7f53641d05bfe34b1879614bed111c9c313b5574cd8", size = 591617, upload-time = "2026-02-20T22:50:24.532Z" },
    { url = "https://files.pythonhosted.org/packages/d0/f0/758c3b0fb0c4871c7704fef26a5bc861de4f8a68e4831669883bebe07b0f/uuid_utils-0.14.1-pp311-pypy311_pp73-macosx_10_12_x86_64.whl", hash = "sha256:12c65020ba6cb6abe1d57fcbfc2d0ea0506c67049ee031714057f5caf0f9bc9c", size = 303702, upload-time = "2026-02-20T22:50:40.687Z" },
    { url = "https://files.pythonhosted.org/packages/85/89/d91862b544c695cd58855efe3201f83894ed82fffe34500774238ab8eba7/uuid_utils-0.14.1-pp311-pypy311_pp73-manylinux_2_17_aarch64.manylinux2014_aarch64.whl", hash = "sha256:0b5d2ad28063d422ccc2c28d46471d47b61a58de885d35113a8f18cb547e25bf", size = 337678, upload-time = "2026-02-20T22:50:39.768Z" },
    { url = "https://files.pythonhosted.org/packages/ee/6b/cf342ba8a898f1de024be0243fac67c025cad530c79ea7f89c4ce718891a/uuid_utils-0.14.1-pp311-pypy311_pp73-manylinux_2_17_armv7l.manylinux2014_armv7l.whl", hash = "sha256:da2234387b45fde40b0fedfee64a0ba591caeea9c48c7698ab6e2d85c7991533", size = 343711, upload-time = "2026-02-20T22:50:43.965Z" },
    { url = "https://files.pythonhosted.org/packages/b3/20/049418d094d396dfa6606b30af925cc68a6670c3b9103b23e6990f84b589/uuid_utils-0.14.1-pp311-pypy311_pp73-manylinux_2_17_ppc64le.manylinux2014_ppc64le.whl", hash = "sha256:50fffc2827348c1e48972eed3d1c698959e63f9d030aa5dd82ba451113158a62", size = 476731, upload-time = "2026-02-20T22:50:30.589Z" },
    { url = "https://files.pythonhosted.org/packages/77/a1/0857f64d53a90321e6a46a3d4cc394f50e1366132dcd2ae147f9326ca98b/uuid_utils-0.14.1-pp311-pypy311_pp73-manylinux_2_17_x86_64.manylinux2014_x86_64.whl", hash = "sha256:c1dbe718765f70f5b7f9b7f66b6a937802941b1cc56bcf642ce0274169741e01", size = 338902, upload-time = "2026-02-20T22:50:33.927Z" },
    { url = "https://files.pythonhosted.org/packages/ed/d0/5bf7cbf1ac138c92b9ac21066d18faf4d7e7f651047b700eb192ca4b9fdb/uuid_utils-0.14.1-pp311-pypy311_pp73-manylinux_2_5_i686.manylinux1_i686.whl", hash = "sha256:258186964039a8e36db10810c1ece879d229b01331e09e9030bc5dcabe231bd2", size = 364700, upload-time = "2026-02-20T22:50:21.732Z" },
]
