version = 1
revision = 3
requires-python = ">=3.10"
resolution-markers = [
    "python_full_version >= '3.12'",
    "python_full_version == '3.11.*'",
    "python_full_version < '3.11'",
]

[manifest]
constraints = [{ name = "urllib3", specifier = ">=2.6.0" }]

[[package]]
name = "fixtures"
version = "0.0.0"
source = { virtual = "." }
