version = 1
revision = 3
requires-python = ">=3.9"

[[package]]
name = "anyio"
version = "4.9.0"
source = { registry = "https://pypi.org/simple" }
dependencies = [
    { name = "exceptiongroup", marker = "python_full_version < '3.11'" },
    { name = "idna" },
    { name = "sniffio" },
    { name = "typing-extensions", marker = "python_full_version < '3.13'" },
]
sdist = { url = "https://files.pythonhosted.org/packages/95/7d/4c1bd541d4dffa1b52bd83fb8527089e097a106fc90b467a7313b105f840/anyio-4.9.0.tar.gz", hash = "sha256:673c0c244e15788651a4ff38710fea9675823028a6f08a5eda409e0c9840a028", size = 190949, upload-time = "2025-03-17T00:02:54.77Z" }
wheels = [
    { url = "https://files.pythonhosted.org/packages/a1/ee/48ca1a7c89ffec8b6a0c5d02b89c305671d5ffd8d3c94acf8b8c408575bb/anyio-4.9.0-py3-none-any.whl", hash = "sha256:9f76d541cad6e36af7beb62e978876f3b41e3e04f2c1fbf0884604c0a9c4d93c", size = 100916, upload-time = "2025-03-17T00:02:52.713Z" },
]

[[package]]
name = "certifi"
version = "2025.6.15"
source = { registry = "https://pypi.org/simple" }
sdist = { url = "https://files.pythonhosted.org/packages/73/f7/f14b46d4bcd21092d7d3ccef689615220d8a08fb25e564b65d20738e672e/certifi-2025.6.15.tar.gz", hash = "sha256:d747aa5a8b9bbbb1bb8c22bb13e22bd1f18e9796defa16bab421f7f7a317323b", size = 158753, upload-time = "2025-06-15T02:45:51.329Z" }
wheels = [
    { url = "https://files.pythonhosted.org/packages/84/ae/320161bd181fc06471eed047ecce67b693fd7515b16d495d8932db763426/certifi-2025.6.15-py3-none-any.whl", hash = "sha256:2e0c7ce7cb5d8f8634ca55d2ba7e6ec2689a2fd6537d8dec1296a477a4910057", size = 157650, upload-time = "2025-06-15T02:45:49.977Z" },
]

[[package]]
name = "exceptiongroup"
version = "1.3.0"
source = { registry = "https://pypi.org/simple" }
dependencies = [
    { name = "typing-extensions", marker = "python_full_version < '3.13'" },
]
sdist = { url = "https://files.pythonhosted.org/packages/0b/9f/a65090624ecf468cdca03533906e7c69ed7588582240cfe7cc9e770b50eb/exceptiongroup-1.3.0.tar.gz", hash = "sha256:b241f5885f560bc56a59ee63ca4c6a8bfa46ae4ad651af316d4e81817bb9fd88", size = 29749, upload-time = "2025-05-10T17:42:51.123Z" }
wheels = [
    { url = "https://files.pythonhosted.org/packages/36/f4/c6e662dade71f56cd2f3735141b265c3c79293c109549c1e6933b0651ffc/exceptiongroup-1.3.0-py3-none-any.whl", hash = "sha256:4d111e6e0c13d0644cad6ddaa7ed0261a0b36971f6d23e7ec9b4b9097da78a10", size = 16674, upload-time = "2025-05-10T17:42:49.33Z" },
]

[[package]]
name = "h11"
version = "0.16.0"
source = { registry = "https://pypi.org/simple" }
sdist = { url = "https://files.pythonhosted.org/packages/01/ee/02a2c011bdab74c6fb3c75474d40b3052059d95df7e73351460c8588d963/h11-0.16.0.tar.gz", hash = "sha256:4e35b956cf45792e4caa5885e69fba00bdbc6ffafbfa020300e549b208ee5ff1", size = 101250, upload-time = "2025-04-24T03:35:25.427Z" }
wheels = [
    { url = "https://files.pythonhosted.org/packages/04/4b/29cac41a4d98d144bf5f6d33995617b185d14b22401f75ca86f384e87ff1/h11-0.16.0-py3-none-any.whl", hash = "sha256:63cf8bbe7522de3bf65932fda1d9c2772064ffb3dae62d55932da54b31cb6c86", size = 37515, upload-time = "2025-04-24T03:35:24.344Z" },
]

[[package]]
name = "httpcore"
version = "1.0.9"
source = { registry = "https://pypi.org/simple" }
dependencies = [
    { name = "certifi" },
    { name = "h11" },
]
sdist = { url = "https://files.pythonhosted.org/packages/06/94/82699a10bca87a5556c9c59b5963f2d039dbd239f25bc2a63907a05a14cb/httpcore-1.0.9.tar.gz", hash = "sha256:6e34463af53fd2ab5d807f399a9b45ea31c3dfa2276f15a2c3f00afff6e176e8", size = 85484, upload-time = "2025-04-24T22:06:22.219Z" }
wheels = [
    { url = "https://files.pythonhosted.org/packages/7e/f5/f66802a942d491edb555dd61e3a9961140fd64c90bce1eafd741609d334d/httpcore-1.0.9-py3-none-any.whl", hash = "sha256:2d400746a40668fc9dec9810239072b40b4484b640a8c38fd654a024c7a1bf55", size = 78784, upload-time = "2025-04-24T22:06:20.566Z" },
]

[[package]]
name = "httpx"
version = "0.28.1"
source = { registry = "https://pypi.org/simple" }
dependencies = [
    { name = "anyio" },
    { name = "certifi" },
    { name = "httpcore" },
    { name = "idna" },
]
sdist = { url = "https://files.pythonhosted.org/packages/b1/df/48c586a5fe32a0f01324ee087459e112ebb7224f646c0b5023f5e79e9956/httpx-0.28.1.tar.gz", hash = "sha256:75e98c5f16b0f35b567856f597f06ff2270a374470a5c2392242528e3e3e42fc", size = 141406, upload-time = "2024-12-06T15:37:23.222Z" }
wheels = [
    { url = "https://files.pythonhosted.org/packages/2a/39/e50c7c3a983047577ee07d2a9e53faf5a69493943ec3f6a384bdc792deb2/httpx-0.28.1-py3-none-any.whl", hash = "sha256:d909fcccc110f8c7faf814ca82a9a4d816bc5a6dbfea25d6591d6985b8ba59ad", size = 73517, upload-time = "2024-12-06T15:37:21.509Z" },
]

[[package]]
name = "idna"
version = "3.10"
source = { registry = "https://pypi.org/simple" }
sdist = { url = "https://files.pythonhosted.org/packages/f1/70/7703c29685631f5a7590aa73f1f1d3fa9a380e654b86af429e0934a32f7d/idna-3.10.tar.gz", hash = "sha256:12f65c9b470abda6dc35cf8e63cc574b1c52b11df2c86030af0ac09b01b13ea9", size = 190490, upload-time = "2024-09-15T18:07:39.745Z" }
wheels = [
    { url = "https://files.pythonhosted.org/packages/76/c6/c88e154df9c4e1a2a66ccf0005a88dfb2650c1dffb6f5ce603dfbd452ce3/idna-3.10-py3-none-any.whl", hash = "sha256:946d195a0d259cbba61165e88e65941f16e9b36ea6ddb97f00452bae8b1287d3", size = 70442, upload-time = "2024-09-15T18:07:37.964Z" },
]

[[package]]
name = "sniffio"
version = "1.3.1"
source = { registry = "https://pypi.org/simple" }
sdist = { url = "https://files.pythonhosted.org/packages/a2/87/a6771e1546d97e7e041b6ae58d80074f81b7d5121207425c964ddf5cfdbd/sniffio-1.3.1.tar.gz", hash = "sha256:f4324edc670a0f49750a81b895f35c3adb843cca46f0530f79fc1babb23789dc", size = 20372, upload-time = "2024-02-25T23:20:04.057Z" }
wheels = [
    { url = "https://files.pythonhosted.org/packages/e9/44/75a9c9421471a6c4805dbf2356f7c181a29c1879239abab1ea2cc8f38b40/sniffio-1.3.1-py3-none-any.whl", hash = "sha256:2f6da418d1f1e0fddd844478f41680e794e6051915791a034ff65e5f100525a2", size = 10235, upload-time = "2024-02-25T23:20:01.196Z" },
]

[[package]]
name = "tensorzero"
version = "2025.8.2"
source = { registry = "https://pypi.org/simple" }
dependencies = [
    { name = "httpx" },
    { name = "typing-extensions" },
    { name = "uuid-utils" },
]
sdist = { url = "https://files.pythonhosted.org/packages/7c/96/26e361dfba841ea590f4e8167ebcc23912f0366ffbccb1e85453fc29250b/tensorzero-2025.8.2.tar.gz", hash = "sha256:dc50bd4add93013d991d4ee9236a303e1d692e89de4b15f51ce22ca20ac33b13", size = 1319067, upload-time = "2025-08-12T16:30:41.332Z" }
wheels = [
    { url = "https://files.pythonhosted.org/packages/44/11/3a56634a9652b5cafd039fc8cd9d125d4f33bf8181a31841bd8b3ecff218/tensorzero-2025.8.2-cp39-abi3-macosx_10_12_x86_64.whl", hash = "sha256:a080f17bb66b56ea863527ac7a1cdfb55690c7f4feaa28814ce09ace509cf4f9", size = 19254796, upload-time = "2025-08-12T16:30:34.634Z" },
    { url = "https://files.pythonhosted.org/packages/e7/a4/d9034c940568b4e65922f60a9fd9f14dab9b6bdc851179fcd890289f0a88/tensorzero-2025.8.2-cp39-abi3-macosx_11_0_arm64.whl", hash = "sha256:a116d5665bf146548ddaefbe173f48f20a4393609bf6ce6f1f6153f515722217", size = 18476841, upload-time = "2025-08-12T16:30:32.566Z" },
    { url = "https://files.pythonhosted.org/packages/cc/8c/c3de531ac074cefd3e517acb8913d8e08ea6fdbeb29f3d6b419c688f7e69/tensorzero-2025.8.2-cp39-abi3-manylinux_2_17_aarch64.manylinux2014_aarch64.whl", hash = "sha256:dc32225cc04e2cca5584c330cc12cf46fe092d6533360ec809022c1f6b71000f", size = 20289052, upload-time = "2025-08-12T16:30:27.3Z" },
    { url = "https://files.pythonhosted.org/packages/44/23/105eadc80edd24567593c600b8e5dab232e25a10a3e720aafe4b4744b5c2/tensorzero-2025.8.2-cp39-abi3-manylinux_2_17_x86_64.manylinux2014_x86_64.whl", hash = "sha256:b4576671a75a9e8d598dfd74752cb4cc04e8169b5c0b3730a2493a8993fe1745", size = 20809790, upload-time = "2025-08-12T16:30:29.851Z" },
    { url = "https://files.pythonhosted.org/packages/70/11/d652abc174fe8000c6ec6c69cee0c2b6311586422685e4c6cf7898b87657/tensorzero-2025.8.2-cp39-abi3-musllinux_1_2_aarch64.whl", hash = "sha256:43cc8dac477ba4db103e0a76289302fab12c613a509f513d713614d9895659ea", size = 20371786, upload-time = "2025-08-12T16:30:36.969Z" },
    { url = "https://files.pythonhosted.org/packages/23/c2/7abe421b49a72cbf3f8ddb72d1bcf41f0f4305e9b06e8cb845b2b51f42dd/tensorzero-2025.8.2-cp39-abi3-musllinux_1_2_x86_64.whl", hash = "sha256:d7d7b7727a94402f2985b343d34cd7ed4843a10117c28ab9a8fe52550f45d7c4", size = 21025620, upload-time = "2025-08-12T16:30:39.537Z" },
    { url = "https://files.pythonhosted.org/packages/dc/5d/88fb8dfbe16c4be1b576e2225082ffb0a5cbf21a1bf0d4642d458ea80dc3/tensorzero-2025.8.2-cp39-abi3-win_amd64.whl", hash = "sha256:209391ff97ea3e9a2d9d9e5641df88c68a339512ede379d76aad602c4d5221ed", size = 17675830, upload-time = "2025-08-12T16:30:42.82Z" },
]

[[package]]
name = "tensorzero-examples-guides-streaming-inference"
version = "0.0.0"
source = { virtual = "." }
dependencies = [
    { name = "tensorzero" },
]

[package.metadata]
requires-dist = [{ name = "tensorzero" }]

[[package]]
name = "typing-extensions"
version = "4.14.0"
source = { registry = "https://pypi.org/simple" }
sdist = { url = "https://files.pythonhosted.org/packages/d1/bc/51647cd02527e87d05cb083ccc402f93e441606ff1f01739a62c8ad09ba5/typing_extensions-4.14.0.tar.gz", hash = "sha256:8676b788e32f02ab42d9e7c61324048ae4c6d844a399eebace3d4979d75ceef4", size = 107423, upload-time = "2025-06-02T14:52:11.399Z" }
wheels = [
    { url = "https://files.pythonhosted.org/packages/69/e0/552843e0d356fbb5256d21449fa957fa4eff3bbc135a74a691ee70c7c5da/typing_extensions-4.14.0-py3-none-any.whl", hash = "sha256:a1514509136dd0b477638fc68d6a91497af5076466ad0fa6c338e44e359944af", size = 43839, upload-time = "2025-06-02T14:52:10.026Z" },
]

[[package]]
name = "uuid-utils"
version = "0.11.0"
source = { registry = "https://pypi.org/simple" }
sdist = { url = "https://files.pythonhosted.org/packages/24/7f/7d83b937889d65682d95b40c94ba226b353d3f532290ee3acb17c8746e49/uuid_utils-0.11.0.tar.gz", hash = "sha256:18cf2b7083da7f3cca0517647213129eb16d20d7ed0dd74b3f4f8bff2aa334ea", size = 18854, upload-time = "2025-05-22T11:23:15.596Z" }
wheels = [
    { url = "https://files.pythonhosted.org/packages/d2/20/4a34f2a6e77b1f0f3334b111e4d2411fc8646ab2987892a36507e2d6a498/uuid_utils-0.11.0-cp39-abi3-macosx_10_12_x86_64.macosx_11_0_arm64.macosx_10_12_universal2.whl", hash = "sha256:094445ccd323bc5507e28e9d6d86b983513efcf19ab59c2dd75239cef765631a", size = 593779, upload-time = "2025-05-22T11:22:41.36Z" },
    { url = "https://files.pythonhosted.org/packages/a1/a1/1897cd3d37144f698392ec8aae89da2c00c6d34acd77f75312477f4510ab/uuid_utils-0.11.0-cp39-abi3-macosx_10_12_x86_64.whl", hash = "sha256:6430b53d343215f85269ffd74e1d1f4b25ae1031acf0ac24ff3d5721f6a06f48", size = 300848, upload-time = "2025-05-22T11:22:43.221Z" },
    { url = "https://files.pythonhosted.org/packages/d4/36/3ae8896de8a5320a9e7529452ed29af0082daf8c3787f17c5cbf9defc651/uuid_utils-0.11.0-cp39-abi3-manylinux_2_17_aarch64.manylinux2014_aarch64.whl", hash = "sha256:be2e6e4318d23195887fa74fa1d64565a34f7127fdcf22918954981d79765f68", size = 336053, upload-time = "2025-05-22T11:22:44.741Z" },
    { url = "https://files.pythonhosted.org/packages/fe/b6/751e84cd056074a40ca9ac21db6ca4802e31d78207309c0d9c8ff69cd43b/uuid_utils-0.11.0-cp39-abi3-manylinux_2_17_armv7l.manylinux2014_armv7l.whl", hash = "sha256:d37289ab72aa30b5550bfa64d91431c62c89e4969bdf989988aa97f918d5f803", size = 338529, upload-time = "2025-05-22T11:22:46.303Z" },
    { url = "https://files.pythonhosted.org/packages/3b/c2/f6a1c00a1b067a886fc57c24da46bb0bcb753c92afb898871c6df3ae606f/uuid_utils-0.11.0-cp39-abi3-manylinux_2_17_ppc64le.manylinux2014_ppc64le.whl", hash = "sha256:1012595220f945fe09641f1365a8a06915bf432cac1b31ebd262944934a9b787", size = 480378, upload-time = "2025-05-22T11:22:47.482Z" },
    { url = "https://files.pythonhosted.org/packages/60/ea/cefc0521e07a35e85416d145382ac4817957cdec037271d0c9e27cbc7d45/uuid_utils-0.11.0-cp39-abi3-manylinux_2_17_x86_64.manylinux2014_x86_64.whl", hash = "sha256:35cd3fc718a673e4516e87afb9325558969eca513aa734515b9031d1b651bbb1", size = 332220, upload-time = "2025-05-22T11:22:48.55Z" },
    { url = "https://files.pythonhosted.org/packages/03/91/5929f209bd4660a7e3b4d47d26189d3cf33e14297312a5f51f5451805fec/uuid_utils-0.11.0-cp39-abi3-manylinux_2_5_i686.manylinux1_i686.whl", hash = "sha256:ed325e0c40e0f59ae82b347f534df954b50cedf12bf60d025625538530e1965d", size = 359052, upload-time = "2025-05-22T11:22:49.617Z" },
    { url = "https://files.pythonhosted.org/packages/d8/0d/32034d5b13bc07dd95f23122cb743b4eeca8e6d88173ea3c7100c67b6269/uuid_utils-0.11.0-cp39-abi3-musllinux_1_2_aarch64.whl", hash = "sha256:5c8b7cf201990ee3140956e541967bd556a7365ec738cb504b04187ad89c757a", size = 515186, upload-time = "2025-05-22T11:22:50.808Z" },
    { url = "https://files.pythonhosted.org/packages/e7/43/ccf2474f723d6de5e214c22999ffb34219acf83d1e3fff6a4734172e10c0/uuid_utils-0.11.0-cp39-abi3-musllinux_1_2_i686.whl", hash = "sha256:9966df55bed5d538ba2e9cc40115796480f437f9007727116ef99dc2f42bd5fa", size = 535318, upload-time = "2025-05-22T11:22:52.304Z" },
    { url = "https://files.pythonhosted.org/packages/fb/05/f668b4ad2b3542cd021c4b27d1ff4e425f854f299bcf7ee36f304399a58c/uuid_utils-0.11.0-cp39-abi3-musllinux_1_2_x86_64.whl", hash = "sha256:cb04b6c604968424b7e6398d54debbdd5b771b39fc1e648c6eabf3f1dc20582e", size = 502691, upload-time = "2025-05-22T11:22:53.483Z" },
    { url = "https://files.pythonhosted.org/packages/9e/0b/b906301638eef837c89b19206989dbe27794c591d794ecc06167d9a47c41/uuid_utils-0.11.0-cp39-abi3-win32.whl", hash = "sha256:18420eb3316bb514f09f2da15750ac135478c3a12a704e2c5fb59eab642bb255", size = 180147, upload-time = "2025-05-22T11:22:54.598Z" },
    { url = "https://files.pythonhosted.org/packages/56/99/ad24ee5ecfc5fbd4a4490bb59c0e72ce604d5eef08683d345546ff6a6f2d/uuid_utils-0.11.0-cp39-abi3-win_amd64.whl", hash = "sha256:37c4805af61a7cce899597d34e7c3dd5cb6a8b4b93a90fbca3826b071ba544df", size = 183574, upload-time = "2025-05-22T11:22:55.581Z" },
    { url = "https://files.pythonhosted.org/packages/0e/76/2301b1d34defc8c234596ffb6e6d456cd7ef061d108e10a14ceda5ec5d4b/uuid_utils-0.11.0-cp39-abi3-win_arm64.whl", hash = "sha256:4065cf17bbe97f6d8ccc7dc6a0bae7d28fd4797d7f32028a5abd979aeb7bf7c9", size = 181014, upload-time = "2025-05-22T11:22:56.575Z" },
    { url = "https://files.pythonhosted.org/packages/43/42/c424f623527eaa374f281eec24955b28254b20b16d457c3f251db62e7bfc/uuid_utils-0.11.0-pp310-pypy310_pp73-macosx_10_12_x86_64.macosx_11_0_arm64.macosx_10_12_universal2.whl", hash = "sha256:db821c98a95f9d69ebf9c442bcf764548c4c5feebd6012a881233fcdc8f47ff4", size = 590509, upload-time = "2025-05-22T11:22:58.011Z" },
    { url = "https://files.pythonhosted.org/packages/d4/d6/725e1b4025b2ec60f1e76e66b3afdd8002e3d2d29184e4b0a5a3ac5a1ab4/uuid_utils-0.11.0-pp310-pypy310_pp73-macosx_10_12_x86_64.whl", hash = "sha256:07cd17ecef3bfdf319d8e6583334f4c8e71d9950503b69d6722999c88a42dbe2", size = 299872, upload-time = "2025-05-22T11:22:59.321Z" },
    { url = "https://files.pythonhosted.org/packages/2a/7f/fb6ad5ac0e1a28b07d4b0973ad0c6a5489a921bc8619c6c01ed137987b9c/uuid_utils-0.11.0-pp310-pypy310_pp73-manylinux_2_17_aarch64.manylinux2014_aarch64.whl", hash = "sha256:f1b29c4aa76586c67e865548c862b0dee98359d59eda78b58d58290dd0dd240e", size = 333552, upload-time = "2025-05-22T11:23:00.378Z" },
    { url = "https://files.pythonhosted.org/packages/a7/47/4bf46e71dfd8e93b84c24b46d6601e43177a4f8251d573dcc6ebd4295dd2/uuid_utils-0.11.0-pp310-pypy310_pp73-manylinux_2_17_armv7l.manylinux2014_armv7l.whl", hash = "sha256:05bfd684cb55825bc5d4c340bfce3a90009e662491e7bdfd5f667a367e0a11e4", size = 336617, upload-time = "2025-05-22T11:23:01.922Z" },
    { url = "https://files.pythonhosted.org/packages/3a/b7/9f6bd335eed9511c4b4b978d0c44f29d281f549996f2cb4f3913e33f9fe3/uuid_utils-0.11.0-pp310-pypy310_pp73-manylinux_2_17_ppc64le.manylinux2014_ppc64le.whl", hash = "sha256:5455b145cb6f647888f3c4fd38ec177cf51479c73c6a44503d4b7a70f45d9870", size = 477717, upload-time = "2025-05-22T11:23:03.194Z" },
    { url = "https://files.pythonhosted.org/packages/c0/b3/602508c700578e64ef8b9f0d74bee9211f3dbadb48c1db0c02a6fd36ae1e/uuid_utils-0.11.0-pp310-pypy310_pp73-manylinux_2_17_x86_64.manylinux2014_x86_64.whl", hash = "sha256:f51374cd3280e5a8c524c51ed09901cf2268907371e1b3dc59484a92e25f070a", size = 330698, upload-time = "2025-05-22T11:23:04.318Z" },
    { url = "https://files.pythonhosted.org/packages/e8/54/b0e6e22f2eaf009c9ede10c07d7363d83308185cdd976782838d34b064ee/uuid_utils-0.11.0-pp310-pypy310_pp73-manylinux_2_5_i686.manylinux1_i686.whl", hash = "sha256:691f576327836f93102f2bf8882eb67416452bab03c3dd8c31d009c4e85dd2aa", size = 356815, upload-time = "2025-05-22T11:23:05.802Z" },
    { url = "https://files.pythonhosted.org/packages/35/1b/2dbe1416ee55de51f2126b57ac552730ee698b120e9a12cc31fdd6ba6648/uuid_utils-0.11.0-pp39-pypy39_pp73-macosx_10_12_x86_64.macosx_11_0_arm64.macosx_10_12_universal2.whl", hash = "sha256:912e9ae2b5c2b72bd98046ee83e1b8fa22489b4a25f44495d1c0999fa6dde237", size = 593557, upload-time = "2025-05-22T11:23:06.85Z" },
    { url = "https://files.pythonhosted.org/packages/84/67/966ad6a6785b6a3ae6e090f2658eef00df322dde127eecc75b75db9c87da/uuid_utils-0.11.0-pp39-pypy39_pp73-macosx_10_12_x86_64.whl", hash = "sha256:ce73c719e0baebc8b1652e7663bec7d4db53edbd7be1affe92b1035fc80f409b", size = 300695, upload-time = "2025-05-22T11:23:08.076Z" },
    { url = "https://files.pythonhosted.org/packages/9a/15/241f0813d2bb3923a096e8636e4cd2e77f8e2b65de84c24690207141a03c/uuid_utils-0.11.0-pp39-pypy39_pp73-manylinux_2_17_aarch64.manylinux2014_aarch64.whl", hash = "sha256:9f7f7e0245bcedbc4ff61ad4000fd661dc93677264c0566b31010d6da0b86a63", size = 335569, upload-time = "2025-05-22T11:23:09.165Z" },
    { url = "https://files.pythonhosted.org/packages/20/9c/4dab8a20755e20d430174ff3d78d4e2d694cc45028e436d15413876e98dc/uuid_utils-0.11.0-pp39-pypy39_pp73-manylinux_2_17_armv7l.manylinux2014_armv7l.whl", hash = "sha256:9930137fd6d59c681f7e013ae9343b4b9d27f7e6efce4ecb259336e15ba578b8", size = 338192, upload-time = "2025-05-22T11:23:11.109Z" },
    { url = "https://files.pythonhosted.org/packages/19/c7/e1e079bf5511a0ce7c8c7c87411e89a5a16c5720f857c7089a3ff0448d0c/uuid_utils-0.11.0-pp39-pypy39_pp73-manylinux_2_17_ppc64le.manylinux2014_ppc64le.whl", hash = "sha256:6f6a306878b2327b79d65bd18d5521ef8b3775c2b03a5054b1b6f602cd876cc3", size = 479066, upload-time = "2025-05-22T11:23:12.31Z" },
    { url = "https://files.pythonhosted.org/packages/a4/4e/66fa101d239b1d6540a1261dd00923746849ac1b91f640939963050cf83e/uuid_utils-0.11.0-pp39-pypy39_pp73-manylinux_2_17_x86_64.manylinux2014_x86_64.whl", hash = "sha256:2c8346b3688b2df0baae4d3ff47cd84c765aa57cf103077e32806d66f1fcd689", size = 331753, upload-time = "2025-05-22T11:23:13.627Z" },
    { url = "https://files.pythonhosted.org/packages/29/15/deeb80ef6c7123d7add24588a3284eede754e373edf676a65bd2779e67aa/uuid_utils-0.11.0-pp39-pypy39_pp73-manylinux_2_5_i686.manylinux1_i686.whl", hash = "sha256:c7a7f415edb5aea38bc53057c8aff4b31d35e192f2902f6ac10f2e52d3f52ae0", size = 358974, upload-time = "2025-05-22T11:23:14.645Z" },
]
